{
  "version": 4,
  "terraform_version": "1.1.9",
  "serial": 271,
  "lineage": "a440f429-efb1-1de5-b78e-ff0fb9a9f04c",
  "outputs": {},
  "resources": [
    {
      "module": "module.workload",
      "mode": "data",
      "type": "azurerm_client_config",
      "name": "current",
      "provider": "provider[\"registry.terraform.io/hashicorp/azurerm\"]",
      "instances": [
        {
          "schema_version": 0,
          "attributes": {
            "client_id": "04b07795-8ddb-461a-bbee-02f9e1bf7b46",
            "id": "2022-05-18 01:14:48.3430283 +0000 UTC",
            "object_id": "3aa5007d-2c64-4070-afb2-befaa2c199af",
            "subscription_id": "3810f594-f91b-404a-b6eb-ebf9b9e4f62c",
            "tenant_id": "4ef27008-6ed4-48d8-82f4-cbb4c7a0e858",
            "timeouts": null
          },
          "sensitive_attributes": []
        }
      ]
    },
    {
      "module": "module.workload",
      "mode": "data",
      "type": "azurerm_subscription",
      "name": "primary",
      "provider": "provider[\"registry.terraform.io/hashicorp/azurerm\"]",
      "instances": [
        {
          "schema_version": 0,
          "attributes": {
            "display_name": "Non-prod",
            "id": "/subscriptions/3810f594-f91b-404a-b6eb-ebf9b9e4f62c",
            "location_placement_id": "Public_2014-09-01",
            "quota_id": "MSDNDevTest_2014-09-01",
            "spending_limit": "Off",
            "state": "Enabled",
            "subscription_id": "3810f594-f91b-404a-b6eb-ebf9b9e4f62c",
            "tags": {},
            "tenant_id": "4ef27008-6ed4-48d8-82f4-cbb4c7a0e858",
            "timeouts": null
          },
          "sensitive_attributes": []
        }
      ]
    },
    {
      "module": "module.workload.module.application_gateway.module.azure_user_assigned_identity",
      "mode": "managed",
      "type": "azurerm_user_assigned_identity",
      "name": "user_assigned_identity",
      "provider": "provider[\"registry.terraform.io/hashicorp/azurerm\"]",
      "instances": [
        {
          "schema_version": 1,
          "attributes": {
            "client_id": "dce5bdcc-8d9f-414b-bcab-93a4e3fae980",
            "id": "/subscriptions/3810f594-f91b-404a-b6eb-ebf9b9e4f62c/resourceGroups/rg-hub-nonprod-eastus-000/providers/Microsoft.ManagedIdentity/userAssignedIdentities/appgw-identity-nonprod-eastus-000",
            "location": "eastus",
            "name": "appgw-identity-nonprod-eastus-000",
            "principal_id": "df6db755-a1d6-4867-b27d-c8beebbd4935",
            "resource_group_name": "rg-hub-nonprod-eastus-000",
            "tags": {},
            "tenant_id": "4ef27008-6ed4-48d8-82f4-cbb4c7a0e858",
            "timeouts": null
          },
          "sensitive_attributes": [],
          "private": "eyJlMmJmYjczMC1lY2FhLTExZTYtOGY4OC0zNDM2M2JjN2M0YzAiOnsiY3JlYXRlIjoxODAwMDAwMDAwMDAwLCJkZWxldGUiOjE4MDAwMDAwMDAwMDAsInJlYWQiOjMwMDAwMDAwMDAwMCwidXBkYXRlIjoxODAwMDAwMDAwMDAwfSwic2NoZW1hX3ZlcnNpb24iOiIxIn0=",
          "dependencies": [
            "module.workload.module.azure_public_ip.azurerm_public_ip.pip",
            "module.workload.module.network.module.network_peering.azurerm_virtual_network_peering.network_peering",
            "module.workload.module.network.module.network_security_group.azurerm_network_security_group.nsg",
            "module.workload.module.network.module.network_security_group_subnet_association.azurerm_subnet_network_security_group_association.nsg_subnet_asctn",
            "module.workload.module.network.module.nsg_rule_config.azurerm_network_security_rule.rule",
            "module.workload.module.network.module.subnet.azurerm_subnet.subnet",
            "module.workload.module.network.module.virtual_network.azurerm_virtual_network.virtual_network",
            "module.workload.module.network.module.vpn_gateway.module.point_to_site.azurerm_point_to_site_vpn_gateway.point_to_site_vpn_conn",
            "module.workload.module.network.module.vpn_gateway.module.point_to_site.azurerm_vpn_server_configuration.settings",
            "module.workload.module.network.module.vpn_gateway.module.site_to_site.azurerm_vpn_site.conn",
            "module.workload.module.network.module.vpn_gateway.module.vpn_gateway.azurerm_virtual_hub.hub",
            "module.workload.module.network.module.vpn_gateway.module.vpn_gateway.azurerm_virtual_wan.wan",
            "module.workload.module.network.module.vpn_gateway.module.vpn_gateway.azurerm_vpn_gateway.gateway",
            "module.workload.module.resource_group.azurerm_resource_group.rg"
          ]
        }
      ]
    },
    {
      "module": "module.workload.module.azure_front_door.module.afd",
      "mode": "managed",
      "type": "azurerm_frontdoor",
      "name": "afd",
      "provider": "provider[\"registry.terraform.io/hashicorp/azurerm\"]",
      "instances": [
        {
          "schema_version": 2,
          "attributes": {
            "backend_pool": [
              {
                "backend": [
                  {
                    "address": "assurant-stage.verituityplatform.com",
                    "enabled": true,
                    "host_header": "assurant-stage.verituityplatform.com",
                    "http_port": 80,
                    "https_port": 443,
                    "priority": 1,
                    "weight": 100
                  }
                ],
                "health_probe_name": "rule-afd-nonprod-eastus-assurant-stage-000-bphb",
                "id": "/subscriptions/3810f594-f91b-404a-b6eb-ebf9b9e4f62c/resourceGroups/rg-hub-nonprod-eastus-000/providers/Microsoft.Network/frontDoors/afd-nonprod-eastus-000/backendPools/bp-afd-nonprod-eastus-assurant-stage-000",
                "load_balancing_name": "rule-afd-nonprod-eastus-assurant-stage-000-bplb",
                "name": "bp-afd-nonprod-eastus-assurant-stage-000"
              },
              {
                "backend": [
                  {
                    "address": "stage-api.verituityplatform.com",
                    "enabled": true,
                    "host_header": "stage-api.verituityplatform.com",
                    "http_port": 80,
                    "https_port": 443,
                    "priority": 1,
                    "weight": 100
                  }
                ],
                "health_probe_name": "rule-afd-nonprod-eastus-stage-api-000-bphb",
                "id": "/subscriptions/3810f594-f91b-404a-b6eb-ebf9b9e4f62c/resourceGroups/rg-hub-nonprod-eastus-000/providers/Microsoft.Network/frontDoors/afd-nonprod-eastus-000/backendPools/bp-afd-nonprod-eastus-stage-api-000",
                "load_balancing_name": "rule-afd-nonprod-eastus-stage-api-000-bplb",
                "name": "bp-afd-nonprod-eastus-stage-api-000"
              }
            ],
            "backend_pool_health_probe": [
              {
                "enabled": true,
                "id": "/subscriptions/3810f594-f91b-404a-b6eb-ebf9b9e4f62c/resourceGroups/rg-hub-nonprod-eastus-000/providers/Microsoft.Network/frontDoors/afd-nonprod-eastus-000/healthProbeSettings/rule-afd-nonprod-eastus-assurant-stage-000-bphb",
                "interval_in_seconds": 120,
                "name": "rule-afd-nonprod-eastus-assurant-stage-000-bphb",
                "path": "/",
                "probe_method": "GET",
                "protocol": "Http"
              },
              {
                "enabled": true,
                "id": "/subscriptions/3810f594-f91b-404a-b6eb-ebf9b9e4f62c/resourceGroups/rg-hub-nonprod-eastus-000/providers/Microsoft.Network/frontDoors/afd-nonprod-eastus-000/healthProbeSettings/rule-afd-nonprod-eastus-stage-api-000-bphb",
                "interval_in_seconds": 120,
                "name": "rule-afd-nonprod-eastus-stage-api-000-bphb",
                "path": "/",
                "probe_method": "GET",
                "protocol": "Http"
              }
            ],
            "backend_pool_health_probes": {
              "rule-afd-nonprod-eastus-assurant-stage-000-bphb": "/subscriptions/3810f594-f91b-404a-b6eb-ebf9b9e4f62c/resourceGroups/rg-hub-nonprod-eastus-000/providers/Microsoft.Network/frontDoors/afd-nonprod-eastus-000/healthProbeSettings/rule-afd-nonprod-eastus-assurant-stage-000-bphb",
              "rule-afd-nonprod-eastus-stage-api-000-bphb": "/subscriptions/3810f594-f91b-404a-b6eb-ebf9b9e4f62c/resourceGroups/rg-hub-nonprod-eastus-000/providers/Microsoft.Network/frontDoors/afd-nonprod-eastus-000/healthProbeSettings/rule-afd-nonprod-eastus-stage-api-000-bphb"
            },
            "backend_pool_load_balancing": [
              {
                "additional_latency_milliseconds": 0,
                "id": "/subscriptions/3810f594-f91b-404a-b6eb-ebf9b9e4f62c/resourceGroups/rg-hub-nonprod-eastus-000/providers/Microsoft.Network/frontDoors/afd-nonprod-eastus-000/loadBalancingSettings/rule-afd-nonprod-eastus-assurant-stage-000-bplb",
                "name": "rule-afd-nonprod-eastus-assurant-stage-000-bplb",
                "sample_size": 4,
                "successful_samples_required": 2
              },
              {
                "additional_latency_milliseconds": 0,
                "id": "/subscriptions/3810f594-f91b-404a-b6eb-ebf9b9e4f62c/resourceGroups/rg-hub-nonprod-eastus-000/providers/Microsoft.Network/frontDoors/afd-nonprod-eastus-000/loadBalancingSettings/rule-afd-nonprod-eastus-stage-api-000-bplb",
                "name": "rule-afd-nonprod-eastus-stage-api-000-bplb",
                "sample_size": 4,
                "successful_samples_required": 2
              }
            ],
            "backend_pool_load_balancing_settings": {
              "rule-afd-nonprod-eastus-assurant-stage-000-bplb": "/subscriptions/3810f594-f91b-404a-b6eb-ebf9b9e4f62c/resourceGroups/rg-hub-nonprod-eastus-000/providers/Microsoft.Network/frontDoors/afd-nonprod-eastus-000/loadBalancingSettings/rule-afd-nonprod-eastus-assurant-stage-000-bplb",
              "rule-afd-nonprod-eastus-stage-api-000-bplb": "/subscriptions/3810f594-f91b-404a-b6eb-ebf9b9e4f62c/resourceGroups/rg-hub-nonprod-eastus-000/providers/Microsoft.Network/frontDoors/afd-nonprod-eastus-000/loadBalancingSettings/rule-afd-nonprod-eastus-stage-api-000-bplb"
            },
            "backend_pools": {
              "bp-afd-nonprod-eastus-assurant-stage-000": "/subscriptions/3810f594-f91b-404a-b6eb-ebf9b9e4f62c/resourceGroups/rg-hub-nonprod-eastus-000/providers/Microsoft.Network/frontDoors/afd-nonprod-eastus-000/backendPools/bp-afd-nonprod-eastus-assurant-stage-000",
              "bp-afd-nonprod-eastus-stage-api-000": "/subscriptions/3810f594-f91b-404a-b6eb-ebf9b9e4f62c/resourceGroups/rg-hub-nonprod-eastus-000/providers/Microsoft.Network/frontDoors/afd-nonprod-eastus-000/backendPools/bp-afd-nonprod-eastus-stage-api-000"
            },
            "backend_pools_send_receive_timeout_seconds": 60,
            "cname": "afd-nonprod-eastus-000.azurefd.net",
            "enforce_backend_pools_certificate_name_check": false,
            "explicit_resource_order": [
              {
                "backend_pool_health_probe_ids": [
                  "/subscriptions/3810f594-f91b-404a-b6eb-ebf9b9e4f62c/resourceGroups/rg-hub-nonprod-eastus-000/providers/Microsoft.Network/frontDoors/afd-nonprod-eastus-000/healthProbeSettings/rule-afd-nonprod-eastus-assurant-stage-000-bphb",
                  "/subscriptions/3810f594-f91b-404a-b6eb-ebf9b9e4f62c/resourceGroups/rg-hub-nonprod-eastus-000/providers/Microsoft.Network/frontDoors/afd-nonprod-eastus-000/healthProbeSettings/rule-afd-nonprod-eastus-stage-api-000-bphb"
                ],
                "backend_pool_ids": [
                  "/subscriptions/3810f594-f91b-404a-b6eb-ebf9b9e4f62c/resourceGroups/rg-hub-nonprod-eastus-000/providers/Microsoft.Network/frontDoors/afd-nonprod-eastus-000/backendPools/bp-afd-nonprod-eastus-assurant-stage-000",
                  "/subscriptions/3810f594-f91b-404a-b6eb-ebf9b9e4f62c/resourceGroups/rg-hub-nonprod-eastus-000/providers/Microsoft.Network/frontDoors/afd-nonprod-eastus-000/backendPools/bp-afd-nonprod-eastus-stage-api-000"
                ],
                "backend_pool_load_balancing_ids": [
                  "/subscriptions/3810f594-f91b-404a-b6eb-ebf9b9e4f62c/resourceGroups/rg-hub-nonprod-eastus-000/providers/Microsoft.Network/frontDoors/afd-nonprod-eastus-000/loadBalancingSettings/rule-afd-nonprod-eastus-assurant-stage-000-bplb",
                  "/subscriptions/3810f594-f91b-404a-b6eb-ebf9b9e4f62c/resourceGroups/rg-hub-nonprod-eastus-000/providers/Microsoft.Network/frontDoors/afd-nonprod-eastus-000/loadBalancingSettings/rule-afd-nonprod-eastus-stage-api-000-bplb"
                ],
                "frontend_endpoint_ids": [
                  "/subscriptions/3810f594-f91b-404a-b6eb-ebf9b9e4f62c/resourceGroups/rg-hub-nonprod-eastus-000/providers/Microsoft.Network/frontDoors/afd-nonprod-eastus-000/frontendEndpoints/rule-afd-nonprod-eastus-assurant-stage-000-fep",
                  "/subscriptions/3810f594-f91b-404a-b6eb-ebf9b9e4f62c/resourceGroups/rg-hub-nonprod-eastus-000/providers/Microsoft.Network/frontDoors/afd-nonprod-eastus-000/frontendEndpoints/rule-afd-nonprod-eastus-stage-api-000-fep"
                ],
                "routing_rule_ids": [
                  "/subscriptions/3810f594-f91b-404a-b6eb-ebf9b9e4f62c/resourceGroups/rg-hub-nonprod-eastus-000/providers/Microsoft.Network/frontDoors/afd-nonprod-eastus-000/routingRules/rule-afd-nonprod-eastus-assurant-stage-000",
                  "/subscriptions/3810f594-f91b-404a-b6eb-ebf9b9e4f62c/resourceGroups/rg-hub-nonprod-eastus-000/providers/Microsoft.Network/frontDoors/afd-nonprod-eastus-000/routingRules/rule-afd-nonprod-eastus-stage-api-000"
                ]
              }
            ],
            "friendly_name": "",
            "frontend_endpoint": [
              {
                "host_name": "afdv00-assurant-stage.verituityplatform.com",
                "id": "/subscriptions/3810f594-f91b-404a-b6eb-ebf9b9e4f62c/resourceGroups/rg-hub-nonprod-eastus-000/providers/Microsoft.Network/frontDoors/afd-nonprod-eastus-000/frontendEndpoints/rule-afd-nonprod-eastus-assurant-stage-000-fep",
                "name": "rule-afd-nonprod-eastus-assurant-stage-000-fep",
                "session_affinity_enabled": false,
                "session_affinity_ttl_seconds": 0,
                "web_application_firewall_policy_link_id": ""
              },
              {
                "host_name": "afdv00-stage-api.verituityplatform.com",
                "id": "/subscriptions/3810f594-f91b-404a-b6eb-ebf9b9e4f62c/resourceGroups/rg-hub-nonprod-eastus-000/providers/Microsoft.Network/frontDoors/afd-nonprod-eastus-000/frontendEndpoints/rule-afd-nonprod-eastus-stage-api-000-fep",
                "name": "rule-afd-nonprod-eastus-stage-api-000-fep",
                "session_affinity_enabled": false,
                "session_affinity_ttl_seconds": 0,
                "web_application_firewall_policy_link_id": ""
              }
            ],
            "frontend_endpoints": {
              "defaultHostName": "/subscriptions/3810f594-f91b-404a-b6eb-ebf9b9e4f62c/resourceGroups/rg-hub-nonprod-eastus-000/providers/Microsoft.Network/frontDoors/afd-nonprod-eastus-000/frontendEndpoints/defaultHostName",
              "rule-afd-nonprod-eastus-assurant-stage-000-fep": "/subscriptions/3810f594-f91b-404a-b6eb-ebf9b9e4f62c/resourceGroups/rg-hub-nonprod-eastus-000/providers/Microsoft.Network/frontDoors/afd-nonprod-eastus-000/frontendEndpoints/rule-afd-nonprod-eastus-assurant-stage-000-fep",
              "rule-afd-nonprod-eastus-stage-api-000-fep": "/subscriptions/3810f594-f91b-404a-b6eb-ebf9b9e4f62c/resourceGroups/rg-hub-nonprod-eastus-000/providers/Microsoft.Network/frontDoors/afd-nonprod-eastus-000/frontendEndpoints/rule-afd-nonprod-eastus-stage-api-000-fep"
            },
            "header_frontdoor_id": "3d12515e-9276-4cd5-80ce-044090131779",
            "id": "/subscriptions/3810f594-f91b-404a-b6eb-ebf9b9e4f62c/resourceGroups/rg-hub-nonprod-eastus-000/providers/Microsoft.Network/frontDoors/afd-nonprod-eastus-000",
            "load_balancer_enabled": true,
            "location": "global",
            "name": "afd-nonprod-eastus-000",
            "resource_group_name": "rg-hub-nonprod-eastus-000",
            "routing_rule": [
              {
                "accepted_protocols": [
                  "Http",
                  "Https"
                ],
                "enabled": true,
                "forwarding_configuration": [
                  {
                    "backend_pool_name": "bp-afd-nonprod-eastus-assurant-stage-000",
                    "cache_duration": "",
                    "cache_enabled": false,
                    "cache_query_parameter_strip_directive": "StripAll",
                    "cache_query_parameters": [],
                    "cache_use_dynamic_compression": false,
                    "custom_forwarding_path": "",
                    "forwarding_protocol": "MatchRequest"
                  }
                ],
                "frontend_endpoints": [
                  "rule-afd-nonprod-eastus-assurant-stage-000-fep"
                ],
                "id": "/subscriptions/3810f594-f91b-404a-b6eb-ebf9b9e4f62c/resourceGroups/rg-hub-nonprod-eastus-000/providers/Microsoft.Network/frontDoors/afd-nonprod-eastus-000/routingRules/rule-afd-nonprod-eastus-assurant-stage-000",
                "name": "rule-afd-nonprod-eastus-assurant-stage-000",
                "patterns_to_match": [
                  "/*"
                ],
                "redirect_configuration": []
              },
              {
                "accepted_protocols": [
                  "Http",
                  "Https"
                ],
                "enabled": true,
                "forwarding_configuration": [
                  {
                    "backend_pool_name": "bp-afd-nonprod-eastus-stage-api-000",
                    "cache_duration": "",
                    "cache_enabled": false,
                    "cache_query_parameter_strip_directive": "StripAll",
                    "cache_query_parameters": [],
                    "cache_use_dynamic_compression": false,
                    "custom_forwarding_path": "",
                    "forwarding_protocol": "MatchRequest"
                  }
                ],
                "frontend_endpoints": [
                  "rule-afd-nonprod-eastus-stage-api-000-fep"
                ],
                "id": "/subscriptions/3810f594-f91b-404a-b6eb-ebf9b9e4f62c/resourceGroups/rg-hub-nonprod-eastus-000/providers/Microsoft.Network/frontDoors/afd-nonprod-eastus-000/routingRules/rule-afd-nonprod-eastus-stage-api-000",
                "name": "rule-afd-nonprod-eastus-stage-api-000",
                "patterns_to_match": [
                  "/*"
                ],
                "redirect_configuration": []
              }
            ],
            "routing_rules": {
              "rule-afd-nonprod-eastus-assurant-stage-000": "/subscriptions/3810f594-f91b-404a-b6eb-ebf9b9e4f62c/resourceGroups/rg-hub-nonprod-eastus-000/providers/Microsoft.Network/frontDoors/afd-nonprod-eastus-000/routingRules/rule-afd-nonprod-eastus-assurant-stage-000",
              "rule-afd-nonprod-eastus-stage-api-000": "/subscriptions/3810f594-f91b-404a-b6eb-ebf9b9e4f62c/resourceGroups/rg-hub-nonprod-eastus-000/providers/Microsoft.Network/frontDoors/afd-nonprod-eastus-000/routingRules/rule-afd-nonprod-eastus-stage-api-000"
            },
            "tags": {},
            "timeouts": null
          },
          "sensitive_attributes": [],
          "private": "eyJlMmJmYjczMC1lY2FhLTExZTYtOGY4OC0zNDM2M2JjN2M0YzAiOnsiY3JlYXRlIjoyMTYwMDAwMDAwMDAwMCwiZGVsZXRlIjoyMTYwMDAwMDAwMDAwMCwicmVhZCI6MzAwMDAwMDAwMDAwLCJ1cGRhdGUiOjIxNjAwMDAwMDAwMDAwfSwic2NoZW1hX3ZlcnNpb24iOiIyIn0=",
          "dependencies": [
            "module.workload.module.azure_front_door.module.afd_waf_policy.azurerm_frontdoor_firewall_policy.afdpolicy"
          ]
        }
      ]
    },
    {
      "module": "module.workload.module.azure_front_door.module.afd_waf_policy[\"afdwafpolicynonprod001\"]",
      "mode": "managed",
      "type": "azurerm_frontdoor_firewall_policy",
      "name": "afdpolicy",
      "provider": "provider[\"registry.terraform.io/hashicorp/azurerm\"]",
      "instances": [
        {
          "schema_version": 1,
          "attributes": {
            "custom_block_response_body": "",
            "custom_block_response_status_code": 0,
            "custom_rule": [],
            "enabled": true,
            "frontend_endpoint_ids": [],
            "id": "/subscriptions/3810f594-f91b-404a-b6eb-ebf9b9e4f62c/resourceGroups/rg-hub-nonprod-eastus-000/providers/Microsoft.Network/frontDoorWebApplicationFirewallPolicies/afdwafpolicynonprod001",
            "location": "global",
            "managed_rule": [],
            "mode": "Prevention",
            "name": "afdwafpolicynonprod001",
            "redirect_url": "",
            "resource_group_name": "rg-hub-nonprod-eastus-000",
            "tags": {},
            "timeouts": null
          },
          "sensitive_attributes": [],
          "private": "eyJlMmJmYjczMC1lY2FhLTExZTYtOGY4OC0zNDM2M2JjN2M0YzAiOnsiY3JlYXRlIjoxODAwMDAwMDAwMDAwLCJkZWxldGUiOjE4MDAwMDAwMDAwMDAsInJlYWQiOjMwMDAwMDAwMDAwMCwidXBkYXRlIjoxODAwMDAwMDAwMDAwfSwic2NoZW1hX3ZlcnNpb24iOiIxIn0="
        }
      ]
    },
    {
      "module": "module.workload.module.azure_public_ip[\"pip-appgw-nonprod-eastus-000\"]",
      "mode": "managed",
      "type": "azurerm_public_ip",
      "name": "pip",
      "provider": "provider[\"registry.terraform.io/hashicorp/azurerm\"]",
      "instances": [
        {
          "schema_version": 0,
          "attributes": {
            "allocation_method": "Static",
            "availability_zone": "Zone-Redundant",
            "domain_name_label": null,
            "fqdn": null,
            "id": "/subscriptions/3810f594-f91b-404a-b6eb-ebf9b9e4f62c/resourceGroups/rg-hub-nonprod-eastus-000/providers/Microsoft.Network/publicIPAddresses/pip-appgw-nonprod-eastus-000",
            "idle_timeout_in_minutes": 4,
            "ip_address": "20.232.63.8",
            "ip_tags": {},
            "ip_version": "IPv4",
            "location": "eastus",
            "name": "pip-appgw-nonprod-eastus-000",
            "public_ip_prefix_id": null,
            "resource_group_name": "rg-hub-nonprod-eastus-000",
            "reverse_fqdn": null,
            "sku": "Standard",
            "sku_tier": "Regional",
            "tags": {},
            "timeouts": null,
            "zones": []
          },
          "sensitive_attributes": [],
          "private": "eyJlMmJmYjczMC1lY2FhLTExZTYtOGY4OC0zNDM2M2JjN2M0YzAiOnsiY3JlYXRlIjoxODAwMDAwMDAwMDAwLCJkZWxldGUiOjE4MDAwMDAwMDAwMDAsInJlYWQiOjMwMDAwMDAwMDAwMCwidXBkYXRlIjoxODAwMDAwMDAwMDAwfX0=",
          "dependencies": [
            "module.workload.module.resource_group.azurerm_resource_group.rg"
          ]
        }
      ]
    },
    {
      "module": "module.workload.module.azure_public_ip[\"pip-bas-nonprod-eastus-000\"]",
      "mode": "managed",
      "type": "azurerm_public_ip",
      "name": "pip",
      "provider": "provider[\"registry.terraform.io/hashicorp/azurerm\"]",
      "instances": [
        {
          "schema_version": 0,
          "attributes": {
            "allocation_method": "Static",
            "availability_zone": "Zone-Redundant",
            "domain_name_label": null,
            "fqdn": null,
            "id": "/subscriptions/3810f594-f91b-404a-b6eb-ebf9b9e4f62c/resourceGroups/rg-hub-nonprod-eastus-000/providers/Microsoft.Network/publicIPAddresses/pip-bas-nonprod-eastus-000",
            "idle_timeout_in_minutes": 4,
            "ip_address": "20.232.63.15",
            "ip_tags": {},
            "ip_version": "IPv4",
            "location": "eastus",
            "name": "pip-bas-nonprod-eastus-000",
            "public_ip_prefix_id": null,
            "resource_group_name": "rg-hub-nonprod-eastus-000",
            "reverse_fqdn": null,
            "sku": "Standard",
            "sku_tier": "Regional",
            "tags": {},
            "timeouts": null,
            "zones": []
          },
          "sensitive_attributes": [],
          "private": "eyJlMmJmYjczMC1lY2FhLTExZTYtOGY4OC0zNDM2M2JjN2M0YzAiOnsiY3JlYXRlIjoxODAwMDAwMDAwMDAwLCJkZWxldGUiOjE4MDAwMDAwMDAwMDAsInJlYWQiOjMwMDAwMDAwMDAwMCwidXBkYXRlIjoxODAwMDAwMDAwMDAwfX0=",
          "dependencies": [
            "module.workload.module.resource_group.azurerm_resource_group.rg"
          ]
        }
      ]
    },
    {
      "module": "module.workload.module.azure_public_ip[\"pip-firewall-nonprod-eastus-000\"]",
      "mode": "managed",
      "type": "azurerm_public_ip",
      "name": "pip",
      "provider": "provider[\"registry.terraform.io/hashicorp/azurerm\"]",
      "instances": [
        {
          "schema_version": 0,
          "attributes": {
            "allocation_method": "Static",
            "availability_zone": "Zone-Redundant",
            "domain_name_label": null,
            "fqdn": null,
            "id": "/subscriptions/3810f594-f91b-404a-b6eb-ebf9b9e4f62c/resourceGroups/rg-hub-nonprod-eastus-000/providers/Microsoft.Network/publicIPAddresses/pip-firewall-nonprod-eastus-000",
            "idle_timeout_in_minutes": 4,
            "ip_address": "20.232.62.213",
            "ip_tags": {},
            "ip_version": "IPv4",
            "location": "eastus",
            "name": "pip-firewall-nonprod-eastus-000",
            "public_ip_prefix_id": null,
            "resource_group_name": "rg-hub-nonprod-eastus-000",
            "reverse_fqdn": null,
            "sku": "Standard",
            "sku_tier": "Regional",
            "tags": {},
            "timeouts": null,
            "zones": []
          },
          "sensitive_attributes": [],
          "private": "eyJlMmJmYjczMC1lY2FhLTExZTYtOGY4OC0zNDM2M2JjN2M0YzAiOnsiY3JlYXRlIjoxODAwMDAwMDAwMDAwLCJkZWxldGUiOjE4MDAwMDAwMDAwMDAsInJlYWQiOjMwMDAwMDAwMDAwMCwidXBkYXRlIjoxODAwMDAwMDAwMDAwfX0=",
          "dependencies": [
            "module.workload.module.resource_group.azurerm_resource_group.rg"
          ]
        }
      ]
    },
    {
      "module": "module.workload.module.firewall.module.azure_firewall",
      "mode": "managed",
      "type": "azurerm_firewall",
      "name": "firewall",
      "provider": "provider[\"registry.terraform.io/hashicorp/azurerm\"]",
      "instances": [
        {
          "schema_version": 0,
          "attributes": {
            "dns_servers": [],
            "firewall_policy_id": "/subscriptions/3810f594-f91b-404a-b6eb-ebf9b9e4f62c/resourceGroups/rg-hub-nonprod-eastus-000/providers/Microsoft.Network/firewallPolicies/firewall-policy-nonprod-eastus-000",
            "id": "/subscriptions/3810f594-f91b-404a-b6eb-ebf9b9e4f62c/resourceGroups/rg-hub-nonprod-eastus-000/providers/Microsoft.Network/azureFirewalls/firewall-hub-nonprod-eastus-000",
            "ip_configuration": [
              {
                "name": "firewall-ipconfig-nonprod-eastus-000",
                "private_ip_address": "172.28.0.68",
                "public_ip_address_id": "/subscriptions/3810f594-f91b-404a-b6eb-ebf9b9e4f62c/resourceGroups/rg-hub-nonprod-eastus-000/providers/Microsoft.Network/publicIPAddresses/pip-firewall-nonprod-eastus-000",
                "subnet_id": "/subscriptions/3810f594-f91b-404a-b6eb-ebf9b9e4f62c/resourceGroups/rg-hub-nonprod-eastus-000/providers/Microsoft.Network/virtualNetworks/vnet-hub-nonprod-eastus-000/subnets/AzureFirewallSubnet"
              }
            ],
            "location": "eastus",
            "management_ip_configuration": [],
            "name": "firewall-hub-nonprod-eastus-000",
            "private_ip_ranges": [],
            "resource_group_name": "rg-hub-nonprod-eastus-000",
            "sku_name": "AZFW_VNet",
            "sku_tier": "Premium",
            "tags": {},
            "threat_intel_mode": "Alert",
            "timeouts": null,
            "virtual_hub": [],
            "zones": []
          },
          "sensitive_attributes": [],
          "private": "eyJlMmJmYjczMC1lY2FhLTExZTYtOGY4OC0zNDM2M2JjN2M0YzAiOnsiY3JlYXRlIjo1NDAwMDAwMDAwMDAwLCJkZWxldGUiOjU0MDAwMDAwMDAwMDAsInJlYWQiOjMwMDAwMDAwMDAwMCwidXBkYXRlIjo1NDAwMDAwMDAwMDAwfX0=",
          "dependencies": [
            "module.workload.module.firewall.module.azure_firewall_policy.azurerm_firewall_policy.firewall_policy"
          ]
        }
      ]
    },
    {
      "module": "module.workload.module.firewall.module.azure_firewall_policy",
      "mode": "managed",
      "type": "azurerm_firewall_policy",
      "name": "firewall_policy",
      "provider": "provider[\"registry.terraform.io/hashicorp/azurerm\"]",
      "instances": [
        {
          "schema_version": 0,
          "attributes": {
            "base_policy_id": "",
            "child_policies": [],
            "dns": [
              {
                "network_rule_fqdn_enabled": false,
                "proxy_enabled": true,
                "servers": []
              }
            ],
            "firewalls": [
              "/subscriptions/3810f594-f91b-404a-b6eb-ebf9b9e4f62c/resourceGroups/rg-hub-nonprod-eastus-000/providers/Microsoft.Network/azureFirewalls/firewall-hub-nonprod-eastus-000"
            ],
            "id": "/subscriptions/3810f594-f91b-404a-b6eb-ebf9b9e4f62c/resourceGroups/rg-hub-nonprod-eastus-000/providers/Microsoft.Network/firewallPolicies/firewall-policy-nonprod-eastus-000",
            "identity": [],
            "intrusion_detection": [
              {
                "mode": "Alert",
                "signature_overrides": [],
                "traffic_bypass": []
              }
            ],
            "location": "eastus",
            "name": "firewall-policy-nonprod-eastus-000",
            "private_ip_ranges": [],
            "resource_group_name": "rg-hub-nonprod-eastus-000",
            "rule_collection_groups": [
              "/subscriptions/3810f594-f91b-404a-b6eb-ebf9b9e4f62c/resourceGroups/rg-hub-nonprod-eastus-000/providers/Microsoft.Network/firewallPolicies/firewall-policy-nonprod-eastus-000/ruleCollectionGroups/az-fw-apprule-nonprod-eastus-000"
            ],
            "sku": "Premium",
            "tags": {},
            "threat_intelligence_allowlist": [],
            "threat_intelligence_mode": "Alert",
            "timeouts": null,
            "tls_certificate": []
          },
          "sensitive_attributes": [],
          "private": "eyJlMmJmYjczMC1lY2FhLTExZTYtOGY4OC0zNDM2M2JjN2M0YzAiOnsiY3JlYXRlIjoxODAwMDAwMDAwMDAwLCJkZWxldGUiOjE4MDAwMDAwMDAwMDAsInJlYWQiOjMwMDAwMDAwMDAwMCwidXBkYXRlIjoxODAwMDAwMDAwMDAwfX0="
        }
      ]
    },
    {
      "module": "module.workload.module.firewall.module.azure_firewall_policy_rule_collection_group",
      "mode": "managed",
      "type": "azurerm_firewall_policy_rule_collection_group",
      "name": "policy_rule_collection_group",
      "provider": "provider[\"registry.terraform.io/hashicorp/azurerm\"]",
      "instances": [
        {
          "schema_version": 0,
          "attributes": {
            "application_rule_collection": [
              {
                "action": "Allow",
                "name": "apprule-collection-nonprod-eastus-000",
                "priority": 500,
                "rule": [
                  {
                    "description": "",
                    "destination_addresses": [],
                    "destination_fqdn_tags": [],
                    "destination_fqdns": [
                      "*"
                    ],
                    "destination_urls": [],
                    "name": "Anyapp_Pass_rule",
                    "protocols": [
                      {
                        "port": 443,
                        "type": "Https"
                      },
                      {
                        "port": 80,
                        "type": "Http"
                      }
                    ],
                    "source_addresses": [
                      "*"
                    ],
                    "source_ip_groups": [],
                    "terminate_tls": false,
                    "web_categories": []
                  },
                  {
                    "description": "",
                    "destination_addresses": [],
                    "destination_fqdn_tags": [],
                    "destination_fqdns": [
                      "*"
                    ],
                    "destination_urls": [],
                    "name": "apprule-internet-outbound-nonprod-eastus-000",
                    "protocols": [
                      {
                        "port": 443,
                        "type": "Https"
                      },
                      {
                        "port": 80,
                        "type": "Http"
                      }
                    ],
                    "source_addresses": [
                      "11.0.0.0/8",
                      "11.0.2.0/24",
                      "172.17.0.0/16",
                      "172.28.0.0/20",
                      "20.88.188.118"
                    ],
                    "source_ip_groups": [],
                    "terminate_tls": false,
                    "web_categories": []
                  }
                ]
              }
            ],
            "firewall_policy_id": "/subscriptions/3810f594-f91b-404a-b6eb-ebf9b9e4f62c/resourceGroups/rg-hub-nonprod-eastus-000/providers/Microsoft.Network/firewallPolicies/firewall-policy-nonprod-eastus-000",
            "id": "/subscriptions/3810f594-f91b-404a-b6eb-ebf9b9e4f62c/resourceGroups/rg-hub-nonprod-eastus-000/providers/Microsoft.Network/firewallPolicies/firewall-policy-nonprod-eastus-000/ruleCollectionGroups/az-fw-apprule-nonprod-eastus-000",
            "name": "az-fw-apprule-nonprod-eastus-000",
            "nat_rule_collection": [
              {
                "action": "Dnat",
                "name": "dnat-hub-nonprod-eastus-000",
                "priority": 100,
                "rule": [
                  {
                    "destination_address": "20.232.62.213",
                    "destination_ports": [
                      "15021"
                    ],
                    "name": "dntrule15021-hub-nonprod-eastus-004",
                    "protocols": [
                      "TCP"
                    ],
                    "source_addresses": [
                      "*"
                    ],
                    "source_ip_groups": [],
                    "translated_address": "20.88.188.118",
                    "translated_port": 15021
                  },
                  {
                    "destination_address": "20.232.62.213",
                    "destination_ports": [
                      "15443"
                    ],
                    "name": "dntrule15443-hub-nonprod-eastus-006",
                    "protocols": [
                      "TCP"
                    ],
                    "source_addresses": [
                      "*"
                    ],
                    "source_ip_groups": [],
                    "translated_address": "20.88.188.118",
                    "translated_port": 15443
                  },
                  {
                    "destination_address": "20.232.62.213",
                    "destination_ports": [
                      "22"
                    ],
                    "name": "dntrulesftp22-hub-nonprod-eastus-003",
                    "protocols": [
                      "TCP",
                      "UDP"
                    ],
                    "source_addresses": [
                      "*"
                    ],
                    "source_ip_groups": [],
                    "translated_address": "20.88.188.118",
                    "translated_port": 22
                  },
                  {
                    "destination_address": "20.232.62.213",
                    "destination_ports": [
                      "31400"
                    ],
                    "name": "dntrule31400-hub-nonprod-eastus-005",
                    "protocols": [
                      "TCP"
                    ],
                    "source_addresses": [
                      "*"
                    ],
                    "source_ip_groups": [],
                    "translated_address": "20.88.188.118",
                    "translated_port": 31400
                  },
                  {
                    "destination_address": "20.232.62.213",
                    "destination_ports": [
                      "443"
                    ],
                    "name": "dntrule443-hub-nonprod-eastus-002",
                    "protocols": [
                      "TCP"
                    ],
                    "source_addresses": [
                      "*"
                    ],
                    "source_ip_groups": [],
                    "translated_address": "20.88.188.118",
                    "translated_port": 443
                  },
                  {
                    "destination_address": "20.232.62.213",
                    "destination_ports": [
                      "80"
                    ],
                    "name": "dntrule80-hub-nonprod-eastus-000",
                    "protocols": [
                      "TCP"
                    ],
                    "source_addresses": [
                      "*"
                    ],
                    "source_ip_groups": [],
                    "translated_address": "20.88.188.118",
                    "translated_port": 80
                  }
                ]
              }
            ],
            "network_rule_collection": [
              {
                "action": "Allow",
                "name": "network-rule-collection-nonprod-eastus-000",
                "priority": 200,
                "rule": [
                  {
                    "destination_addresses": [
                      "*"
                    ],
                    "destination_fqdns": [],
                    "destination_ip_groups": [],
                    "destination_ports": [
                      "*"
                    ],
                    "name": "network-rule-hub-outbound-nonprod-eastus-000",
                    "protocols": [
                      "Any"
                    ],
                    "source_addresses": [
                      "172.28.0.0/20"
                    ],
                    "source_ip_groups": []
                  },
                  {
                    "destination_addresses": [
                      "*"
                    ],
                    "destination_fqdns": [],
                    "destination_ip_groups": [],
                    "destination_ports": [
                      "*"
                    ],
                    "name": "network-rule-spoke-outbound-nonprod-eastus-000",
                    "protocols": [
                      "Any"
                    ],
                    "source_addresses": [
                      "11.0.0.0/8",
                      "11.0.2.0/24",
                      "172.17.0.0/16",
                      "192.168.0.0/20",
                      "20.88.188.118"
                    ],
                    "source_ip_groups": []
                  }
                ]
              }
            ],
            "priority": 500,
            "timeouts": null
          },
          "sensitive_attributes": [],
          "private": "eyJlMmJmYjczMC1lY2FhLTExZTYtOGY4OC0zNDM2M2JjN2M0YzAiOnsiY3JlYXRlIjoxODAwMDAwMDAwMDAwLCJkZWxldGUiOjE4MDAwMDAwMDAwMDAsInJlYWQiOjMwMDAwMDAwMDAwMCwidXBkYXRlIjoxODAwMDAwMDAwMDAwfX0=",
          "dependencies": [
            "module.workload.module.firewall.module.azure_firewall.azurerm_firewall.firewall",
            "module.workload.module.firewall.module.azure_firewall_policy.azurerm_firewall_policy.firewall_policy"
          ]
        }
      ]
    },
    {
      "module": "module.workload.module.network.module.network_peering[\"vnet-hub-nonprod-eastus-000_to_myVnetS1\"]",
      "mode": "managed",
      "type": "azurerm_virtual_network_peering",
      "name": "network_peering",
      "provider": "provider[\"registry.terraform.io/hashicorp/azurerm\"]",
      "instances": [
        {
          "schema_version": 0,
          "attributes": {
            "allow_forwarded_traffic": true,
            "allow_gateway_transit": false,
            "allow_virtual_network_access": true,
            "id": "/subscriptions/3810f594-f91b-404a-b6eb-ebf9b9e4f62c/resourceGroups/rg-hub-nonprod-eastus-000/providers/Microsoft.Network/virtualNetworks/vnet-hub-nonprod-eastus-000/virtualNetworkPeerings/vnet-hub-nonprod-eastus-000_to_myVnetS1",
            "name": "vnet-hub-nonprod-eastus-000_to_myVnetS1",
            "remote_virtual_network_id": "/subscriptions/3810f594-f91b-404a-b6eb-ebf9b9e4f62c/resourceGroups/Assurant-Dev-stndrd/providers/Microsoft.Network/virtualNetworks/myVnetS1",
            "resource_group_name": "rg-hub-nonprod-eastus-000",
            "timeouts": null,
            "use_remote_gateways": false,
            "virtual_network_name": "vnet-hub-nonprod-eastus-000"
          },
          "sensitive_attributes": [],
          "private": "eyJlMmJmYjczMC1lY2FhLTExZTYtOGY4OC0zNDM2M2JjN2M0YzAiOnsiY3JlYXRlIjoxODAwMDAwMDAwMDAwLCJkZWxldGUiOjE4MDAwMDAwMDAwMDAsInJlYWQiOjMwMDAwMDAwMDAwMCwidXBkYXRlIjoxODAwMDAwMDAwMDAwfX0=",
          "dependencies": [
            "module.workload.module.network.module.subnet.azurerm_subnet.subnet",
            "module.workload.module.network.module.virtual_network.azurerm_virtual_network.virtual_network",
            "module.workload.module.resource_group.azurerm_resource_group.rg"
          ]
        }
      ]
    },
    {
      "module": "module.workload.module.network.module.subnet[\"AzureBastionSubnet\"]",
      "mode": "managed",
      "type": "azurerm_subnet",
      "name": "subnet",
      "provider": "provider[\"registry.terraform.io/hashicorp/azurerm\"]",
      "instances": [
        {
          "schema_version": 0,
          "attributes": {
            "address_prefix": "172.28.0.0/26",
            "address_prefixes": [
              "172.28.0.0/26"
            ],
            "delegation": [],
            "enforce_private_link_endpoint_network_policies": false,
            "enforce_private_link_service_network_policies": false,
            "id": "/subscriptions/3810f594-f91b-404a-b6eb-ebf9b9e4f62c/resourceGroups/rg-hub-nonprod-eastus-000/providers/Microsoft.Network/virtualNetworks/vnet-hub-nonprod-eastus-000/subnets/AzureBastionSubnet",
            "name": "AzureBastionSubnet",
            "resource_group_name": "rg-hub-nonprod-eastus-000",
            "service_endpoint_policy_ids": [],
            "service_endpoints": [],
            "timeouts": null,
            "virtual_network_name": "vnet-hub-nonprod-eastus-000"
          },
          "sensitive_attributes": [],
          "private": "eyJlMmJmYjczMC1lY2FhLTExZTYtOGY4OC0zNDM2M2JjN2M0YzAiOnsiY3JlYXRlIjoxODAwMDAwMDAwMDAwLCJkZWxldGUiOjE4MDAwMDAwMDAwMDAsInJlYWQiOjMwMDAwMDAwMDAwMCwidXBkYXRlIjoxODAwMDAwMDAwMDAwfX0=",
          "dependencies": [
            "module.workload.module.network.module.virtual_network.azurerm_virtual_network.virtual_network",
            "module.workload.module.resource_group.azurerm_resource_group.rg"
          ]
        }
      ]
    },
    {
      "module": "module.workload.module.network.module.subnet[\"AzureFirewallSubnet\"]",
      "mode": "managed",
      "type": "azurerm_subnet",
      "name": "subnet",
      "provider": "provider[\"registry.terraform.io/hashicorp/azurerm\"]",
      "instances": [
        {
          "schema_version": 0,
          "attributes": {
            "address_prefix": "172.28.0.64/26",
            "address_prefixes": [
              "172.28.0.64/26"
            ],
            "delegation": [],
            "enforce_private_link_endpoint_network_policies": false,
            "enforce_private_link_service_network_policies": false,
            "id": "/subscriptions/3810f594-f91b-404a-b6eb-ebf9b9e4f62c/resourceGroups/rg-hub-nonprod-eastus-000/providers/Microsoft.Network/virtualNetworks/vnet-hub-nonprod-eastus-000/subnets/AzureFirewallSubnet",
            "name": "AzureFirewallSubnet",
            "resource_group_name": "rg-hub-nonprod-eastus-000",
            "service_endpoint_policy_ids": [],
            "service_endpoints": [],
            "timeouts": null,
            "virtual_network_name": "vnet-hub-nonprod-eastus-000"
          },
          "sensitive_attributes": [],
          "private": "eyJlMmJmYjczMC1lY2FhLTExZTYtOGY4OC0zNDM2M2JjN2M0YzAiOnsiY3JlYXRlIjoxODAwMDAwMDAwMDAwLCJkZWxldGUiOjE4MDAwMDAwMDAwMDAsInJlYWQiOjMwMDAwMDAwMDAwMCwidXBkYXRlIjoxODAwMDAwMDAwMDAwfX0=",
          "dependencies": [
            "module.workload.module.network.module.virtual_network.azurerm_virtual_network.virtual_network",
            "module.workload.module.resource_group.azurerm_resource_group.rg"
          ]
        }
      ]
    },
    {
      "module": "module.workload.module.network.module.subnet[\"snet-apimgmt-nonprod-eastus-000\"]",
      "mode": "managed",
      "type": "azurerm_subnet",
      "name": "subnet",
      "provider": "provider[\"registry.terraform.io/hashicorp/azurerm\"]",
      "instances": [
        {
          "schema_version": 0,
          "attributes": {
            "address_prefix": "172.28.1.0/24",
            "address_prefixes": [
              "172.28.1.0/24"
            ],
            "delegation": [],
            "enforce_private_link_endpoint_network_policies": false,
            "enforce_private_link_service_network_policies": false,
            "id": "/subscriptions/3810f594-f91b-404a-b6eb-ebf9b9e4f62c/resourceGroups/rg-hub-nonprod-eastus-000/providers/Microsoft.Network/virtualNetworks/vnet-hub-nonprod-eastus-000/subnets/snet-apimgmt-nonprod-eastus-000",
            "name": "snet-apimgmt-nonprod-eastus-000",
            "resource_group_name": "rg-hub-nonprod-eastus-000",
            "service_endpoint_policy_ids": [],
            "service_endpoints": [],
            "timeouts": null,
            "virtual_network_name": "vnet-hub-nonprod-eastus-000"
          },
          "sensitive_attributes": [],
          "private": "eyJlMmJmYjczMC1lY2FhLTExZTYtOGY4OC0zNDM2M2JjN2M0YzAiOnsiY3JlYXRlIjoxODAwMDAwMDAwMDAwLCJkZWxldGUiOjE4MDAwMDAwMDAwMDAsInJlYWQiOjMwMDAwMDAwMDAwMCwidXBkYXRlIjoxODAwMDAwMDAwMDAwfX0=",
          "dependencies": [
            "module.workload.module.network.module.virtual_network.azurerm_virtual_network.virtual_network",
            "module.workload.module.resource_group.azurerm_resource_group.rg"
          ]
        }
      ]
    },
    {
      "module": "module.workload.module.network.module.subnet[\"snet-apimgnt-nonprod-eastus-000\"]",
      "mode": "managed",
      "type": "azurerm_subnet",
      "name": "subnet",
      "provider": "provider[\"registry.terraform.io/hashicorp/azurerm\"]",
      "instances": [
        {
          "schema_version": 0,
          "attributes": {
            "address_prefix": "172.28.7.0/24",
            "address_prefixes": [
              "172.28.7.0/24"
            ],
            "delegation": [],
            "enforce_private_link_endpoint_network_policies": false,
            "enforce_private_link_service_network_policies": false,
            "id": "/subscriptions/3810f594-f91b-404a-b6eb-ebf9b9e4f62c/resourceGroups/rg-hub-nonprod-eastus-000/providers/Microsoft.Network/virtualNetworks/vnet-hub-nonprod-eastus-000/subnets/snet-apimgnt-nonprod-eastus-000",
            "name": "snet-apimgnt-nonprod-eastus-000",
            "resource_group_name": "rg-hub-nonprod-eastus-000",
            "service_endpoint_policy_ids": [],
            "service_endpoints": [],
            "timeouts": null,
            "virtual_network_name": "vnet-hub-nonprod-eastus-000"
          },
          "sensitive_attributes": [],
          "private": "eyJlMmJmYjczMC1lY2FhLTExZTYtOGY4OC0zNDM2M2JjN2M0YzAiOnsiY3JlYXRlIjoxODAwMDAwMDAwMDAwLCJkZWxldGUiOjE4MDAwMDAwMDAwMDAsInJlYWQiOjMwMDAwMDAwMDAwMCwidXBkYXRlIjoxODAwMDAwMDAwMDAwfX0=",
          "dependencies": [
            "module.workload.module.network.module.virtual_network.azurerm_virtual_network.virtual_network",
            "module.workload.module.resource_group.azurerm_resource_group.rg"
          ]
        }
      ]
    },
    {
      "module": "module.workload.module.network.module.subnet[\"snet-appgateway-nonprod-eastus-000\"]",
      "mode": "managed",
      "type": "azurerm_subnet",
      "name": "subnet",
      "provider": "provider[\"registry.terraform.io/hashicorp/azurerm\"]",
      "instances": [
        {
          "schema_version": 0,
          "attributes": {
            "address_prefix": "172.28.8.0/24",
            "address_prefixes": [
              "172.28.8.0/24"
            ],
            "delegation": [],
            "enforce_private_link_endpoint_network_policies": false,
            "enforce_private_link_service_network_policies": false,
            "id": "/subscriptions/3810f594-f91b-404a-b6eb-ebf9b9e4f62c/resourceGroups/rg-hub-nonprod-eastus-000/providers/Microsoft.Network/virtualNetworks/vnet-hub-nonprod-eastus-000/subnets/snet-appgateway-nonprod-eastus-000",
            "name": "snet-appgateway-nonprod-eastus-000",
            "resource_group_name": "rg-hub-nonprod-eastus-000",
            "service_endpoint_policy_ids": [],
            "service_endpoints": [],
            "timeouts": null,
            "virtual_network_name": "vnet-hub-nonprod-eastus-000"
          },
          "sensitive_attributes": [],
          "private": "eyJlMmJmYjczMC1lY2FhLTExZTYtOGY4OC0zNDM2M2JjN2M0YzAiOnsiY3JlYXRlIjoxODAwMDAwMDAwMDAwLCJkZWxldGUiOjE4MDAwMDAwMDAwMDAsInJlYWQiOjMwMDAwMDAwMDAwMCwidXBkYXRlIjoxODAwMDAwMDAwMDAwfX0=",
          "dependencies": [
            "module.workload.module.network.module.virtual_network.azurerm_virtual_network.virtual_network",
            "module.workload.module.resource_group.azurerm_resource_group.rg"
          ]
        }
      ]
    },
    {
      "module": "module.workload.module.network.module.subnet[\"snet-azurebastion-nonprod-eastus-000\"]",
      "mode": "managed",
      "type": "azurerm_subnet",
      "name": "subnet",
      "provider": "provider[\"registry.terraform.io/hashicorp/azurerm\"]",
      "instances": [
        {
          "schema_version": 0,
          "attributes": {
            "address_prefix": "172.28.9.0/24",
            "address_prefixes": [
              "172.28.9.0/24"
            ],
            "delegation": [],
            "enforce_private_link_endpoint_network_policies": false,
            "enforce_private_link_service_network_policies": false,
            "id": "/subscriptions/3810f594-f91b-404a-b6eb-ebf9b9e4f62c/resourceGroups/rg-hub-nonprod-eastus-000/providers/Microsoft.Network/virtualNetworks/vnet-hub-nonprod-eastus-000/subnets/snet-azurebastion-nonprod-eastus-000",
            "name": "snet-azurebastion-nonprod-eastus-000",
            "resource_group_name": "rg-hub-nonprod-eastus-000",
            "service_endpoint_policy_ids": [],
            "service_endpoints": [],
            "timeouts": null,
            "virtual_network_name": "vnet-hub-nonprod-eastus-000"
          },
          "sensitive_attributes": [],
          "private": "eyJlMmJmYjczMC1lY2FhLTExZTYtOGY4OC0zNDM2M2JjN2M0YzAiOnsiY3JlYXRlIjoxODAwMDAwMDAwMDAwLCJkZWxldGUiOjE4MDAwMDAwMDAwMDAsInJlYWQiOjMwMDAwMDAwMDAwMCwidXBkYXRlIjoxODAwMDAwMDAwMDAwfX0=",
          "dependencies": [
            "module.workload.module.network.module.virtual_network.azurerm_virtual_network.virtual_network",
            "module.workload.module.resource_group.azurerm_resource_group.rg"
          ]
        }
      ]
    },
    {
      "module": "module.workload.module.network.module.subnet[\"snet-azurefirewall-nonprod-eastus-000\"]",
      "mode": "managed",
      "type": "azurerm_subnet",
      "name": "subnet",
      "provider": "provider[\"registry.terraform.io/hashicorp/azurerm\"]",
      "instances": [
        {
          "schema_version": 0,
          "attributes": {
            "address_prefix": "172.28.10.0/24",
            "address_prefixes": [
              "172.28.10.0/24"
            ],
            "delegation": [],
            "enforce_private_link_endpoint_network_policies": false,
            "enforce_private_link_service_network_policies": false,
            "id": "/subscriptions/3810f594-f91b-404a-b6eb-ebf9b9e4f62c/resourceGroups/rg-hub-nonprod-eastus-000/providers/Microsoft.Network/virtualNetworks/vnet-hub-nonprod-eastus-000/subnets/snet-azurefirewall-nonprod-eastus-000",
            "name": "snet-azurefirewall-nonprod-eastus-000",
            "resource_group_name": "rg-hub-nonprod-eastus-000",
            "service_endpoint_policy_ids": [],
            "service_endpoints": [],
            "timeouts": null,
            "virtual_network_name": "vnet-hub-nonprod-eastus-000"
          },
          "sensitive_attributes": [],
          "private": "eyJlMmJmYjczMC1lY2FhLTExZTYtOGY4OC0zNDM2M2JjN2M0YzAiOnsiY3JlYXRlIjoxODAwMDAwMDAwMDAwLCJkZWxldGUiOjE4MDAwMDAwMDAwMDAsInJlYWQiOjMwMDAwMDAwMDAwMCwidXBkYXRlIjoxODAwMDAwMDAwMDAwfX0=",
          "dependencies": [
            "module.workload.module.network.module.virtual_network.azurerm_virtual_network.virtual_network",
            "module.workload.module.resource_group.azurerm_resource_group.rg"
          ]
        }
      ]
    },
    {
      "module": "module.workload.module.network.module.subnet[\"snet-mgmtservers-nonprod-eastus-000\"]",
      "mode": "managed",
      "type": "azurerm_subnet",
      "name": "subnet",
      "provider": "provider[\"registry.terraform.io/hashicorp/azurerm\"]",
      "instances": [
        {
          "schema_version": 0,
          "attributes": {
            "address_prefix": "172.28.6.0/24",
            "address_prefixes": [
              "172.28.6.0/24"
            ],
            "delegation": [],
            "enforce_private_link_endpoint_network_policies": false,
            "enforce_private_link_service_network_policies": false,
            "id": "/subscriptions/3810f594-f91b-404a-b6eb-ebf9b9e4f62c/resourceGroups/rg-hub-nonprod-eastus-000/providers/Microsoft.Network/virtualNetworks/vnet-hub-nonprod-eastus-000/subnets/snet-mgmtservers-nonprod-eastus-000",
            "name": "snet-mgmtservers-nonprod-eastus-000",
            "resource_group_name": "rg-hub-nonprod-eastus-000",
            "service_endpoint_policy_ids": [],
            "service_endpoints": [],
            "timeouts": null,
            "virtual_network_name": "vnet-hub-nonprod-eastus-000"
          },
          "sensitive_attributes": [],
          "private": "eyJlMmJmYjczMC1lY2FhLTExZTYtOGY4OC0zNDM2M2JjN2M0YzAiOnsiY3JlYXRlIjoxODAwMDAwMDAwMDAwLCJkZWxldGUiOjE4MDAwMDAwMDAwMDAsInJlYWQiOjMwMDAwMDAwMDAwMCwidXBkYXRlIjoxODAwMDAwMDAwMDAwfX0=",
          "dependencies": [
            "module.workload.module.network.module.virtual_network.azurerm_virtual_network.virtual_network",
            "module.workload.module.resource_group.azurerm_resource_group.rg"
          ]
        }
      ]
    },
    {
      "module": "module.workload.module.network.module.virtual_network",
      "mode": "managed",
      "type": "azurerm_virtual_network",
      "name": "virtual_network",
      "provider": "provider[\"registry.terraform.io/hashicorp/azurerm\"]",
      "instances": [
        {
          "schema_version": 0,
          "attributes": {
            "address_space": [
              "172.28.0.0/20"
            ],
            "bgp_community": "",
            "ddos_protection_plan": [],
            "dns_servers": [],
            "guid": "c8428c81-d966-4af7-b981-f468036f8773",
            "id": "/subscriptions/3810f594-f91b-404a-b6eb-ebf9b9e4f62c/resourceGroups/rg-hub-nonprod-eastus-000/providers/Microsoft.Network/virtualNetworks/vnet-hub-nonprod-eastus-000",
            "location": "eastus",
            "name": "vnet-hub-nonprod-eastus-000",
            "resource_group_name": "rg-hub-nonprod-eastus-000",
            "subnet": [
              {
                "address_prefix": "172.28.0.0/26",
                "id": "/subscriptions/3810f594-f91b-404a-b6eb-ebf9b9e4f62c/resourceGroups/rg-hub-nonprod-eastus-000/providers/Microsoft.Network/virtualNetworks/vnet-hub-nonprod-eastus-000/subnets/AzureBastionSubnet",
                "name": "AzureBastionSubnet",
                "security_group": ""
              },
              {
                "address_prefix": "172.28.0.64/26",
                "id": "/subscriptions/3810f594-f91b-404a-b6eb-ebf9b9e4f62c/resourceGroups/rg-hub-nonprod-eastus-000/providers/Microsoft.Network/virtualNetworks/vnet-hub-nonprod-eastus-000/subnets/AzureFirewallSubnet",
                "name": "AzureFirewallSubnet",
                "security_group": ""
              },
              {
                "address_prefix": "172.28.1.0/24",
                "id": "/subscriptions/3810f594-f91b-404a-b6eb-ebf9b9e4f62c/resourceGroups/rg-hub-nonprod-eastus-000/providers/Microsoft.Network/virtualNetworks/vnet-hub-nonprod-eastus-000/subnets/snet-apimgmt-nonprod-eastus-000",
                "name": "snet-apimgmt-nonprod-eastus-000",
                "security_group": ""
              },
              {
                "address_prefix": "172.28.10.0/24",
                "id": "/subscriptions/3810f594-f91b-404a-b6eb-ebf9b9e4f62c/resourceGroups/rg-hub-nonprod-eastus-000/providers/Microsoft.Network/virtualNetworks/vnet-hub-nonprod-eastus-000/subnets/snet-azurefirewall-nonprod-eastus-000",
                "name": "snet-azurefirewall-nonprod-eastus-000",
                "security_group": ""
              },
              {
                "address_prefix": "172.28.6.0/24",
                "id": "/subscriptions/3810f594-f91b-404a-b6eb-ebf9b9e4f62c/resourceGroups/rg-hub-nonprod-eastus-000/providers/Microsoft.Network/virtualNetworks/vnet-hub-nonprod-eastus-000/subnets/snet-mgmtservers-nonprod-eastus-000",
                "name": "snet-mgmtservers-nonprod-eastus-000",
                "security_group": ""
              },
              {
                "address_prefix": "172.28.7.0/24",
                "id": "/subscriptions/3810f594-f91b-404a-b6eb-ebf9b9e4f62c/resourceGroups/rg-hub-nonprod-eastus-000/providers/Microsoft.Network/virtualNetworks/vnet-hub-nonprod-eastus-000/subnets/snet-apimgnt-nonprod-eastus-000",
                "name": "snet-apimgnt-nonprod-eastus-000",
                "security_group": ""
              },
              {
                "address_prefix": "172.28.8.0/24",
                "id": "/subscriptions/3810f594-f91b-404a-b6eb-ebf9b9e4f62c/resourceGroups/rg-hub-nonprod-eastus-000/providers/Microsoft.Network/virtualNetworks/vnet-hub-nonprod-eastus-000/subnets/snet-appgateway-nonprod-eastus-000",
                "name": "snet-appgateway-nonprod-eastus-000",
                "security_group": ""
              },
              {
                "address_prefix": "172.28.9.0/24",
                "id": "/subscriptions/3810f594-f91b-404a-b6eb-ebf9b9e4f62c/resourceGroups/rg-hub-nonprod-eastus-000/providers/Microsoft.Network/virtualNetworks/vnet-hub-nonprod-eastus-000/subnets/snet-azurebastion-nonprod-eastus-000",
                "name": "snet-azurebastion-nonprod-eastus-000",
                "security_group": ""
              }
            ],
            "tags": {},
            "timeouts": null,
            "vm_protection_enabled": false
          },
          "sensitive_attributes": [],
          "private": "eyJlMmJmYjczMC1lY2FhLTExZTYtOGY4OC0zNDM2M2JjN2M0YzAiOnsiY3JlYXRlIjoxODAwMDAwMDAwMDAwLCJkZWxldGUiOjE4MDAwMDAwMDAwMDAsInJlYWQiOjMwMDAwMDAwMDAwMCwidXBkYXRlIjoxODAwMDAwMDAwMDAwfX0=",
          "dependencies": [
            "module.workload.module.resource_group.azurerm_resource_group.rg"
          ]
        }
      ]
    },
    {
      "module": "module.workload.module.resource_group",
      "mode": "managed",
      "type": "azurerm_resource_group",
      "name": "rg",
      "provider": "provider[\"registry.terraform.io/hashicorp/azurerm\"]",
      "instances": [
        {
          "schema_version": 0,
          "attributes": {
            "id": "/subscriptions/3810f594-f91b-404a-b6eb-ebf9b9e4f62c/resourceGroups/rg-hub-nonprod-eastus-000",
            "location": "eastus",
            "name": "rg-hub-nonprod-eastus-000",
            "tags": {},
            "timeouts": null
          },
          "sensitive_attributes": [],
          "private": "eyJlMmJmYjczMC1lY2FhLTExZTYtOGY4OC0zNDM2M2JjN2M0YzAiOnsiY3JlYXRlIjo1NDAwMDAwMDAwMDAwLCJkZWxldGUiOjU0MDAwMDAwMDAwMDAsInJlYWQiOjMwMDAwMDAwMDAwMCwidXBkYXRlIjo1NDAwMDAwMDAwMDAwfX0="
        }
      ]
    },
    {
      "module": "module.workload.module.route_table",
      "mode": "managed",
      "type": "azurerm_route_table",
      "name": "route_table",
      "provider": "provider[\"registry.terraform.io/hashicorp/azurerm\"]",
      "instances": [
        {
          "index_key": "rfc1918-10.0.0.0-aks2firewall-nonprod-eastus-000",
          "schema_version": 0,
          "attributes": {
            "disable_bgp_route_propagation": false,
            "id": "/subscriptions/3810f594-f91b-404a-b6eb-ebf9b9e4f62c/resourceGroups/rg-hub-nonprod-eastus-000/providers/Microsoft.Network/routeTables/rt-aks-nonprod-eastus-000",
            "location": "eastus",
            "name": "rt-aks-nonprod-eastus-000",
            "resource_group_name": "rg-hub-nonprod-eastus-000",
            "route": [
              {
                "address_prefix": "10.0.0.0/8",
                "name": "rfc1918-10.0.0.0-aks2firewall-nonprod-eastus-000",
                "next_hop_in_ip_address": "20.232.62.213",
                "next_hop_type": "VirtualAppliance"
              }
            ],
            "subnets": [],
            "tags": {},
            "timeouts": null
          },
          "sensitive_attributes": [],
          "private": "eyJlMmJmYjczMC1lY2FhLTExZTYtOGY4OC0zNDM2M2JjN2M0YzAiOnsiY3JlYXRlIjoxODAwMDAwMDAwMDAwLCJkZWxldGUiOjE4MDAwMDAwMDAwMDAsInJlYWQiOjMwMDAwMDAwMDAwMCwidXBkYXRlIjoxODAwMDAwMDAwMDAwfX0="
        },
        {
          "index_key": "rfc1918-172.16.0.0-aks2firewall-nonprod-eastus-000",
          "schema_version": 0,
          "attributes": {
            "disable_bgp_route_propagation": false,
            "id": "/subscriptions/3810f594-f91b-404a-b6eb-ebf9b9e4f62c/resourceGroups/rg-hub-nonprod-eastus-000/providers/Microsoft.Network/routeTables/rt-aks-nonprod-eastus-000",
            "location": "eastus",
            "name": "rt-aks-nonprod-eastus-000",
            "resource_group_name": "rg-hub-nonprod-eastus-000",
            "route": [
              {
                "address_prefix": "172.16.0.0/12",
                "name": "rfc1918-172.16.0.0-aks2firewall-nonprod-eastus-000",
                "next_hop_in_ip_address": "20.232.62.213",
                "next_hop_type": "VirtualAppliance"
              }
            ],
            "subnets": [],
            "tags": {},
            "timeouts": null
          },
          "sensitive_attributes": [],
          "private": "eyJlMmJmYjczMC1lY2FhLTExZTYtOGY4OC0zNDM2M2JjN2M0YzAiOnsiY3JlYXRlIjoxODAwMDAwMDAwMDAwLCJkZWxldGUiOjE4MDAwMDAwMDAwMDAsInJlYWQiOjMwMDAwMDAwMDAwMCwidXBkYXRlIjoxODAwMDAwMDAwMDAwfX0="
        },
        {
          "index_key": "rfc1918-192.168.0.0-aks2firewall-nonprod-eastus-000",
          "schema_version": 0,
          "attributes": {
            "disable_bgp_route_propagation": false,
            "id": "/subscriptions/3810f594-f91b-404a-b6eb-ebf9b9e4f62c/resourceGroups/rg-hub-nonprod-eastus-000/providers/Microsoft.Network/routeTables/rt-aks-nonprod-eastus-000",
            "location": "eastus",
            "name": "rt-aks-nonprod-eastus-000",
            "resource_group_name": "rg-hub-nonprod-eastus-000",
            "route": [
              {
                "address_prefix": "192.168.0.0/16",
                "name": "rfc1918-192.168.0.0-aks2firewall-nonprod-eastus-000",
                "next_hop_in_ip_address": "20.232.62.213",
                "next_hop_type": "VirtualAppliance"
              }
            ],
            "subnets": [],
            "tags": {},
            "timeouts": null
          },
          "sensitive_attributes": [],
          "private": "eyJlMmJmYjczMC1lY2FhLTExZTYtOGY4OC0zNDM2M2JjN2M0YzAiOnsiY3JlYXRlIjoxODAwMDAwMDAwMDAwLCJkZWxldGUiOjE4MDAwMDAwMDAwMDAsInJlYWQiOjMwMDAwMDAwMDAwMCwidXBkYXRlIjoxODAwMDAwMDAwMDAwfX0="
        },
        {
          "index_key": "rt-aks2firewall-nonprod-eastus-000",
          "schema_version": 0,
          "attributes": {
            "disable_bgp_route_propagation": false,
            "id": "/subscriptions/3810f594-f91b-404a-b6eb-ebf9b9e4f62c/resourceGroups/rg-hub-nonprod-eastus-000/providers/Microsoft.Network/routeTables/rt-aks-nonprod-eastus-000",
            "location": "eastus",
            "name": "rt-aks-nonprod-eastus-000",
            "resource_group_name": "rg-hub-nonprod-eastus-000",
            "route": [
              {
                "address_prefix": "172.16.0.0/12",
                "name": "rfc1918-172.16.0.0-aks2firewall-nonprod-eastus-000",
                "next_hop_in_ip_address": "20.232.62.213",
                "next_hop_type": "VirtualAppliance"
              }
            ],
            "subnets": [],
            "tags": {},
            "timeouts": null
          },
          "sensitive_attributes": [],
          "private": "eyJlMmJmYjczMC1lY2FhLTExZTYtOGY4OC0zNDM2M2JjN2M0YzAiOnsiY3JlYXRlIjoxODAwMDAwMDAwMDAwLCJkZWxldGUiOjE4MDAwMDAwMDAwMDAsInJlYWQiOjMwMDAwMDAwMDAwMCwidXBkYXRlIjoxODAwMDAwMDAwMDAwfX0="
        }
      ]
    }
  ]
}
