{
  "version": 4,
  "terraform_version": "1.1.9",
  "serial": 91,
  "lineage": "83c0c845-403f-e066-1387-4d68ac8f0e7d",
  "outputs": {},
  "resources": [
    {
      "module": "module.workload",
      "mode": "data",
      "type": "azurerm_client_config",
      "name": "current",
      "provider": "provider[\"registry.terraform.io/hashicorp/azurerm\"]",
      "instances": [
        {
          "schema_version": 0,
          "attributes": {
            "client_id": "04b07795-8ddb-461a-bbee-02f9e1bf7b46",
            "id": "2022-05-19 17:24:42.8745821 +0000 UTC",
            "object_id": "62031b86-373d-4cc3-8b80-758dc55b2d72",
            "subscription_id": "3810f594-f91b-404a-b6eb-ebf9b9e4f62c",
            "tenant_id": "4ef27008-6ed4-48d8-82f4-cbb4c7a0e858",
            "timeouts": null
          },
          "sensitive_attributes": []
        }
      ]
    },
    {
      "module": "module.workload",
      "mode": "data",
      "type": "azurerm_subscription",
      "name": "primary",
      "provider": "provider[\"registry.terraform.io/hashicorp/azurerm\"]",
      "instances": [
        {
          "schema_version": 0,
          "attributes": {
            "display_name": "Non-prod",
            "id": "/subscriptions/3810f594-f91b-404a-b6eb-ebf9b9e4f62c",
            "location_placement_id": "Public_2014-09-01",
            "quota_id": "MSDNDevTest_2014-09-01",
            "spending_limit": "Off",
            "state": "Enabled",
            "subscription_id": "3810f594-f91b-404a-b6eb-ebf9b9e4f62c",
            "tags": {},
            "tenant_id": "4ef27008-6ed4-48d8-82f4-cbb4c7a0e858",
            "timeouts": null
          },
          "sensitive_attributes": []
        }
      ]
    },
    {
      "module": "module.workload.module.acr",
      "mode": "managed",
      "type": "azurerm_container_registry",
      "name": "acr",
      "provider": "provider[\"registry.terraform.io/hashicorp/azurerm\"]",
      "instances": [
        {
          "schema_version": 2,
          "attributes": {
            "admin_enabled": false,
            "admin_password": "",
            "admin_username": "",
            "encryption": [
              {
                "enabled": false,
                "identity_client_id": "",
                "key_vault_key_id": ""
              }
            ],
            "georeplication_locations": [],
            "georeplications": [],
            "id": "/subscriptions/3810f594-f91b-404a-b6eb-ebf9b9e4f62c/resourceGroups/rg-aks-dev-eastus-001/providers/Microsoft.ContainerRegistry/registries/acrdeveastus001",
            "identity": [],
            "location": "eastus",
            "login_server": "acrdeveastus001.azurecr.io",
            "name": "acrdeveastus001",
            "network_rule_set": [],
            "public_network_access_enabled": true,
            "quarantine_policy_enabled": false,
            "resource_group_name": "rg-aks-dev-eastus-001",
            "retention_policy": [
              {
                "days": 7,
                "enabled": false
              }
            ],
            "sku": "Standard",
            "storage_account_id": null,
            "tags": null,
            "timeouts": null,
            "trust_policy": [
              {
                "enabled": false
              }
            ],
            "zone_redundancy_enabled": false
          },
          "sensitive_attributes": [],
          "private": "eyJlMmJmYjczMC1lY2FhLTExZTYtOGY4OC0zNDM2M2JjN2M0YzAiOnsiY3JlYXRlIjoxODAwMDAwMDAwMDAwLCJkZWxldGUiOjE4MDAwMDAwMDAwMDAsInJlYWQiOjMwMDAwMDAwMDAwMCwidXBkYXRlIjoxODAwMDAwMDAwMDAwfSwic2NoZW1hX3ZlcnNpb24iOiIyIn0=",
          "dependencies": [
            "module.workload.module.resource_group.azurerm_resource_group.rg"
          ]
        }
      ]
    },
    {
      "module": "module.workload.module.aks.module.aks",
      "mode": "managed",
      "type": "azurerm_kubernetes_cluster",
      "name": "aks",
      "provider": "provider[\"registry.terraform.io/hashicorp/azurerm\"]",
      "instances": [
        {
          "schema_version": 0,
          "attributes": {
            "addon_profile": [
              {
                "aci_connector_linux": [],
                "azure_policy": [
                  {
                    "enabled": true
                  }
                ],
                "http_application_routing": [
                  {
                    "enabled": false,
                    "http_application_routing_zone_name": ""
                  }
                ],
                "ingress_application_gateway": [],
                "kube_dashboard": [
                  {
                    "enabled": false
                  }
                ],
                "oms_agent": [
                  {
                    "enabled": false,
                    "log_analytics_workspace_id": "",
                    "oms_agent_identity": []
                  }
                ]
              }
            ],
            "api_server_authorized_ip_ranges": [],
            "auto_scaler_profile": [],
            "automatic_channel_upgrade": "",
            "default_node_pool": [
              {
                "availability_zones": [
                  "1"
                ],
                "enable_auto_scaling": false,
                "enable_host_encryption": false,
                "enable_node_public_ip": false,
                "fips_enabled": false,
                "kubelet_config": [],
                "kubelet_disk_type": "OS",
                "linux_os_config": [],
                "max_count": 0,
                "max_pods": 110,
                "min_count": 0,
                "name": "systemnp",
                "node_count": 1,
                "node_labels": {},
                "node_public_ip_prefix_id": "",
                "node_taints": [],
                "only_critical_addons_enabled": true,
                "orchestrator_version": "1.23.3",
                "os_disk_size_gb": 1024,
                "os_disk_type": "Managed",
                "os_sku": "Ubuntu",
                "pod_subnet_id": "",
                "proximity_placement_group_id": "",
                "tags": {},
                "type": "VirtualMachineScaleSets",
                "ultra_ssd_enabled": false,
                "upgrade_settings": [],
                "vm_size": "Standard_D2_v2",
                "vnet_subnet_id": "/subscriptions/3810f594-f91b-404a-b6eb-ebf9b9e4f62c/resourceGroups/rg-aks-dev-eastus-001/providers/Microsoft.Network/virtualNetworks/vnet-aks-dev-eastus-001/subnets/snet-aks-dev-eastus-001"
              }
            ],
            "disk_encryption_set_id": "",
            "dns_prefix": "clusteraksdeveastus001",
            "dns_prefix_private_cluster": "",
            "enable_pod_security_policy": false,
            "fqdn": "clusteraksdeveastus001-edb3cc50.hcp.eastus.azmk8s.io",
            "id": "/subscriptions/3810f594-f91b-404a-b6eb-ebf9b9e4f62c/resourcegroups/rg-aks-dev-eastus-001/providers/Microsoft.ContainerService/managedClusters/cluster-aks-dev-eastus-001",
            "identity": [
              {
                "principal_id": "92e36488-111a-4a6a-be27-1deeba72d149",
                "tenant_id": "4ef27008-6ed4-48d8-82f4-cbb4c7a0e858",
                "type": "SystemAssigned",
                "user_assigned_identity_id": ""
              }
            ],
            "kube_admin_config": [],
            "kube_admin_config_raw": "",
            "kube_config": [
              {
                "client_certificate": "LS0tLS1CRUdJTiBDRVJUSUZJQ0FURS0tLS0tCk1JSUZIVENDQXdXZ0F3SUJBZ0lRRUNUUVIzQldveG5hV2hFdkFNUit1akFOQmdrcWhraUc5dzBCQVFzRkFEQU4KTVFzd0NRWURWUVFERXdKallUQWVGdzB5TWpBMU1Ua3hOakl3TkRSYUZ3MHlOREExTVRreE5qTXdORFJhTURBeApGekFWQmdOVkJBb1REbk41YzNSbGJUcHRZWE4wWlhKek1SVXdFd1lEVlFRREV3eHRZWE4wWlhKamJHbGxiblF3CmdnSWlNQTBHQ1NxR1NJYjNEUUVCQVFVQUE0SUNEd0F3Z2dJS0FvSUNBUURBekMxKzZlT016eUtiUGlTbndMUksKMjUxQ2hRa2h3TGwzdDAzWnZxY3hUOTd3Q1lYUDhQdmozRHdIRFhYZmYyQUt0aSt0SHgxVG5oOXlUUzNrdjFDQgovSktNMldKbnBhaTlqM2IrTzVFQ1BlQjhMYzVTV1h1R2VuekpOUFJWSUZCeDlSS2dVS1gveldMaDA4cVpxY2F6CmtaTHFRVGNRUldaaEtSUTJTV2xXN2xLYUdXTDdJR3NaRnRWMDhNUURWM1Q5SHFXa2Q3N1l0NGxEcTdVSWdTbCsKTGJRU2lJWENuQVpDUTZRdSt6ZXBLODRzVHRRRE4yVzZLaEtWUjFMd3ZJNmEzSDdNMUlOY0MrYjBObWJRbm5CYwo0ZWU3Q1lMWk8yWHhNbmFWcGdqMGdLZzV3VlVyZE5LWFErL1RHaFNKSHo2RGs2TXJraGJLYmhwblU3bCtyTGlpCmhldzRrZUFmRzFVRmtZUmlGRmxxb1FlYUpmRjZEc3lXSXhncmZZZVFLYzBocHh3KzRNU3FuNUR0d0h3Q0s5L2IKT1lVZXgwa2V3MktMSW1OWmJ4OXMycFpqMUp3a0JaS0grOXhKbG1tVkhyYWNrZi9rdi90WCtOaUVTbXJRKzNuOAppMmJxcTRrNWQ4V1AyZFFCdFpvTEtKaVl2TU1qY2haNXlMQkVKQmQ3M0FDdk13SU9ReUR3UDFNVEpWSG9WR2ZXCjkrb3FsckplWmNCeXBSeTZ3OGhtNUlMM0tpQVhjQ01SbTlCWXNOZHN6cytTcHBueVRUcDl3Mk1KcEp1Q1lmVjUKUHB4ZUJ2ZXpHbDQySFl3VFd4Y1ZwQ1NDMVVmdmZTVW56THpXTVdxSTRteDcvWERRU2tXbHNEZWFCNDNnWXlvdgpSN3V3bVVNeno3UUNKNG1iR1N2aGt3SURBUUFCbzFZd1ZEQU9CZ05WSFE4QkFmOEVCQU1DQmFBd0V3WURWUjBsCkJBd3dDZ1lJS3dZQkJRVUhBd0l3REFZRFZSMFRBUUgvQkFJd0FEQWZCZ05WSFNNRUdEQVdnQlFNL1ZIUjEwU0MKSDFoM1AyQ1h3eWF0dk1uaGR6QU5CZ2txaGtpRzl3MEJBUXNGQUFPQ0FnRUFxNEZ6NUZGcHJuOWllSGEvRytregphRmpYcVoxSzlaMU94b0p6clNWQi9wL3JUYVMvbDA4REl4UXJ3WHo4Z2w5SzJVT3pyVDY5dE1Vc3BzSnM3UklBCm03anY2R2RzV0IvcHo1T08rTDB0ZERLT0RGV3Q2T2d1SVVhN243YWlPVTNwRnpoSUI3eFpFMVd6TTI0dTgyTmwKalAzR3FYWHZObmM1RXc0RW1aVUZCWjBIbVA1OXlqOEdiTkFJYTVkQzNMNHpwNTBaMnlrREdzRzBmbUZBSzJsOApHWlhRYjZEM0szekxjS2RBMGdmcllIcU5iZW4vV3gwN1htQTFKY2xFUlAyakpuQXl1YnZmZ1FPWS9hVTZtT2ltCjA0M0dwRjVVY0hCakFlSk9SeGFrQXpucFN4ZzB5dmJpVkp1NjNvYUo2bUV3aVl1WkV3ejBNUFg3amZrNUN6SmwKRkRrcldMaktCRU1iY3BybmRrLzRLVjRVSjZnM0p0V0QvRTk3NTFlbXgyeHFPdnBrbTZ1aFpYb2lQcWxSY29HVwplZlR5K3lLT0s0VGZEVmhYS2dhWThVUnZBKzR0ZUJNMjl5UlFYNnZNLzVQNk1QL3lVbDBNKy9KeWFJaUp0ZnFGCnpzMDRWSStNVXVYRUdSekRxTkczRXRwVUJvUEZoenBVOUxqcGNtUVZpMStXeWs3VlZBNVRGajVGeWVzdzBxQkMKMzUzeHVoMHp3bTU4QjZjTFVGc1dUb0thK0J1Z3JmdjR5SHBSWHgzVzNuN09ycUhpUG9MNXFsblh4ZmVFeE5pWQpvQzFaYVlNV01pb0hXOTQ3TnczaHRJcktyQnlPVXVBVEMzRUd2NlYzaW9lYUFKQVRXbzJMRms5Y0VxTUVYaE5DCml1VkRVVVBjK0U4YW5qL2E1Q2dvaW04PQotLS0tLUVORCBDRVJUSUZJQ0FURS0tLS0tCg==",
                "client_key": "LS0tLS1CRUdJTiBSU0EgUFJJVkFURSBLRVktLS0tLQpNSUlKS2dJQkFBS0NBZ0VBd013dGZ1bmpqTThpbXo0a3A4QzBTdHVkUW9VSkljQzVkN2ROMmI2bk1VL2U4QW1GCnovRDc0OXc4QncxMTMzOWdDcll2clI4ZFU1NGZjazB0NUw5UWdmeVNqTmxpWjZXb3ZZOTIvanVSQWozZ2ZDM08KVWxsN2hucDh5VFQwVlNCUWNmVVNvRkNsLzgxaTRkUEttYW5HczVHUzZrRTNFRVZtWVNrVU5rbHBWdTVTbWhsaQoreUJyR1JiVmRQREVBMWQwL1I2bHBIZSsyTGVKUTZ1MUNJRXBmaTIwRW9pRndwd0dRa09rTHZzM3FTdk9MRTdVCkF6ZGx1aW9TbFVkUzhMeU9tdHgrek5TRFhBdm05RFptMEo1d1hPSG51d21DMlR0bDhUSjJsYVlJOUlDb09jRlYKSzNUU2wwUHYweG9VaVI4K2c1T2pLNUlXeW00YVoxTzVmcXk0b29Yc09KSGdIeHRWQlpHRVloUlphcUVIbWlYeAplZzdNbGlNWUszMkhrQ25OSWFjY1B1REVxcCtRN2NCOEFpdmYyem1GSHNkSkhzTmlpeUpqV1c4ZmJOcVdZOVNjCkpBV1NoL3ZjU1pacGxSNjJuSkgvNUwvN1YvalloRXBxMFB0NS9JdG02cXVKT1hmRmo5blVBYldhQ3lpWW1MekQKSTNJV2VjaXdSQ1FYZTl3QXJ6TUNEa01nOEQ5VEV5VlI2RlJuMXZmcUtwYXlYbVhBY3FVY3VzUEladVNDOXlvZwpGM0FqRVp2UVdMRFhiTTdQa3FhWjhrMDZmY05qQ2FTYmdtSDFlVDZjWGdiM3N4cGVOaDJNRTFzWEZhUWtndFZICjczMGxKOHk4MWpGcWlPSnNlLzF3MEVwRnBiQTNtZ2VONEdNcUwwZTdzSmxETTgrMEFpZUpteGtyNFpNQ0F3RUEKQVFLQ0FnRUFpcXlSOE42RXFNeDRaTmQvQUJadzJBTTlDeEtycmRaMDBQSk5FZGk3WTVIQ2xqOFRPNjFuVU04aApjaVV4YW8rdzRpT0hDV3YrNlIwc0cwZitRYkdHVStqNjlFcU1LR2NVaHp5QTUzNnEzOFRvQ2duY2hJa09lM3p3CjhyeWZIZmUvUlNoMHZGRW1CV2VTdjBKYVVNcTRQSUx4L0lMcCswOGZ3N1VMYjd6QUF5SXEwZUordW9qbjM4VDMKeGtSRGlPL0lHeVNIR2xSek5taFZXQkpTaFlwNThPTW95Y2ZmQmtxNWljSWpmeE45UnJaV2RySkFkd3ZLcE93TQpMOGw4aytIY1pQRkNWMHhvSzdYMzZpS1RNMjB5L3V3U2hRcmpUaU1XUVRYOTY4ZmdXeFdMYXZkdnJuRTU1RW1lClgrWTdiU0hIRWxjSUg1ZlZ3c2NOUU5NTThsdUQ5VXJZZVM0eFFpK0hkbUJtUTVPRk9jZjk1dVdERldxMFZKTzMKQTc0K1BDS29UczQ4MkcyYWZMVG4xcG5xK05JVTEzc2diVHJKOW9RZld4YityRVM4czlkWUdQWnlmMjJWVTd0WQpWRG5sckhZTDZ5S0l4SXZSeVlON050bFdKZ2tBWDNSWUFWN1FnMlNJckc4aXJ6cWZsREV4a1ZTZXIxcFVwQUdKCmN3Umt1dk1XQUdhVTkxNit3TXcxYkZGYWplb1dsUnFhcFJjV2Z2c0t6ZjRrRlRaNlI3eGdXL284b01VcEViTTQKVlRUTFI4WDJrbTBkcmRqUlJ6b0c2OVJCUldWWnFnVjZFQ1d2L3ZJelMxRkt4dTlwbTVab0lvMzlYZmw2bDZlOQpHbjBlY3dBRldJbzVsNlVrYms5OWhscDE4ZEVuQTZDT3FlUXR1bHlaVzFxM01KVjZ2c0VDZ2dFQkFPTVovLzk1Ck53aXpaekJUTjdvUFJCYTJqNTM3MTJjNXJuLzVka1pHdmFPM0hYV3RIYjV1RXpYRCtXYlJLVWNBaXVDT2VyQVYKT2E1bEpBd3U3QUN3VkZkTlVITmFKYkVoU211aGUyV2UrdVRGQW4rL21KMUhRUHZlYjZaN01LaWZYMWV4ZDQ5OQpVMGd6Q0ljM1VONFRKVEdkVVdEOG1kMGpmcWc2eXFDMEk1WUtkakR3b28rdjR2enFIUlhPZS83UUpXYllsWk51Cm1wcUtHOGFWb0tDVUFYNHVHWkZSMmtvOG1WemdoNnp5ckQya3NPYzlyQXBRcnprYXZ3dTJCN0tqMDJ5aFhPc1QKb2puQm5KNWN1QU1LaXpsa2FaSm01Nk1BY0t5cnh5N1o1MDQ3bUx3V3cxdFlLRjk3N2pVUFlJMXZVeGpMZFZ4bApSbUhZMUFwbkx3eDBTVE1DZ2dFQkFObFVzekhOaWtqdzBqcE43cWRXTklYMmUrbDMvQXU4QjhWSzNPQUw0RDRQCm56TXdyQmFXS1grTm43RVJFN21iZmR0N0tQOERXODJYcndKNGd1V2JRQUZHRUw0NEJKTWtRMnRsNXBiM1RuRVkKcTI1UnM5Zm1CM1hSWXVEUExsTjF3ZGJmZ3lpTWR5NWNaK3hVSjk4UTNLeUxLZDVYYTBjMnBYQ0MxTTkxT2ZXNQpDQ1Q4V3VlN3paYnNEbnA3eG5Xa1lsMFhwUHNJc0ZPN1IwVytmbW5KRVN1elhUZGFYazh3N1E5RlcvbjYxSjhaCjFvamlVUDFtS09sYzlNZVZnS1Q1R08zNXZFN2o1NjI5bUJDNmZ5dG53V29DQkcyZjl3K2pmVzdCQ1F1ODRyd0QKUkRKS3BPb0tJOEhnMEJycXZsWTZUZnlyZWNkelpvR0FMc3JSVXJZcnhpRUNnZ0VCQU5ZZEpGUmNsM3VYa2JscApMRWc2cm1wdnN4WXpaQklKdXpFakpOVDdTejY0bllqZU1BWGp5QzdQMXl1T0ZrbkFCQy9WaFd6UWhqS2JYeEl4Cmh3YmJPSm1hNWpmcmpVL2tZRUw3MjlpaXZFL0dReVhvb1YzZjJTL2V0d3VTWi8wRFRhUGpTU002K0xOQWtsRFIKNFdlUFMyanN0dFluTW5YaFNrQVlOZ1N2OGtFN0dkWG9lb3ZZTzcxU2lSdVBNeTY2VmhrU0tHdjVRc0JqWis2aQpFZkJ6dXJpWmhEZVRvYWlPVzlYS1I0RFN4M3ZTODRzQmhWdXdXSlFSV0lBVkhrcloxTE05cTlwakIzZEd5SUF5ClVMZGxVSUJLNEpKTWZTWWNleDhCVWVrbFBzUnV3Z0RMd1dJMHl0UERoNEgxUG9YNnFMRGUyb2JEWVVsTlloVncKMVZYN3FTc0NnZ0VCQUxUSWxGZDFWdmJkL01LcldUNnhvdmRjMWk2YnRIbythMmhlb2VWdGU1ZWtmeFdpQTBTMgpuTWFTRktqQ1A5cEIwaXZsQTNFK1pmdGJsaVZFQWY3bGFoU2xLQUJUc05xRmE5L0c0RTNzWXNBSmVYRkhYWWJXCnZwWHZHNFZPVW9ieWlkQW9GWDZCZWhLQ282QWZVUnRwZDJmQVM0Kzh3R3g0dEo0bTlzZXNDQTZ6WUdjRDFNcTMKbW9sVXk2WnZsK0w4WHlaNUtLLzV4bE9na2VVZVZTSENOQnBhRmN5Wnk2R3NYVVk2dUF2MTd6QjUyYy84RXNyMwpWRWpySG1OM3BZK1Y5bnJmSnhtbzAydmZMc09ibjNXSDFZaE5MVW5UcXp6RER2QTJlMFBjVis5MStDQ3Rud2xnCmJlWTFFR2VUcGNrc3J2cmoyV1ZrUlh5c0dFQjJaNHRLVm9FQ2dnRUFCdnRSUFhaUEVjS3RnYklPRDNGZDFUUEMKdXNEcUZPaVNqenhYN09GdjY3eSs5cSsySXdLazBNMXY3b3dGQVBqK2hEQUdKWXczL1FxWGpzWHg5WGZtU2RJdwpGZFRtUk5XWi9CdWlneDJ6S2trMjNISUJ3Qk0vbHM5eitUYkJCcjdVekdvNThzaFVpaEVwNHRodVFsWEJubWVhCmhRV0MxTUswbm9WNkZIcDM5cEgweVptNFhJeGdZeEc4ZDBadjF4NkdOMVBzVFBaNURiT0hFYlpjQ2JhZ0MwWDgKNGljcHhkVHREemp4NkIxY0QwU1dlNVpsYTB0eEMxRnVwbnAvbUVQWUdETTl2WUxCOGVrSk1vL2FrcmR6UDhVZApQNUQwVjArWHF5S2gyVDFObFExdXIzOE4xSERjWE5lUDJ6dTBmVjNjOGRtWVhJVGt1bzJwTHV5R2JXOHFSUT09Ci0tLS0tRU5EIFJTQSBQUklWQVRFIEtFWS0tLS0tCg==",
                "cluster_ca_certificate": "LS0tLS1CRUdJTiBDRVJUSUZJQ0FURS0tLS0tCk1JSUU2RENDQXRDZ0F3SUJBZ0lRT1Y0UmpnemVLVWNUOXBNdVo5dGN3akFOQmdrcWhraUc5dzBCQVFzRkFEQU4KTVFzd0NRWURWUVFERXdKallUQWdGdzB5TWpBMU1Ua3hOakl3TkRSYUdBOHlNRFV5TURVeE9URTJNekEwTkZvdwpEVEVMTUFrR0ExVUVBeE1DWTJFd2dnSWlNQTBHQ1NxR1NJYjNEUUVCQVFVQUE0SUNEd0F3Z2dJS0FvSUNBUURDClFzdkIwQVFlNUZScEFDd3doR0lETG1ieWVuZlo5Rm9SL1VxS21KNUFqVU5MYUlybE9HRUVpUndLVGZOdk5rRWYKUmNDRVNDYUlIZFNTKzFva0FMRTNTQ3VMSGloSkcxaDJ2aWZhY3d6cXFxQnB3V2lFTHZXYy9QWXN4d0lqalhPeQpnTjZrUE9qTTVta2U3dm9nSlRVMm9xTS8vNkxwV2RDei82c0pjcG5JYTlGbEZVVmFRMU5RQTRhelJPc2lkcmp2ClQzdktuUnRBTE5kNUtrTDRFR0hqZkJZQkxjR2ZSL3BydXh0QlBsVmFrenVrNWdtbGNNeWtYL2Y4dHNTeFJjeW8KQUlXK29Oa2dKKzBRZ0p4ajZleFdrYXdwQXZyLzg1THRrMWFxTEYxdENUTlNUbXJsN0hyYlVYZ2FTRXMwRCtHZAovZkFUOEtVeVc5dTRsT0NZWDRHRzAwbXJxMDlFcUVsVFkxSFprZk9tdXFvM3lUYXFSKzZKVlA4dmpLaFU0UlVCClhKTW1Bb2srTVE0VmIvakhPcm5lbE4vVUZtcUI5TVFWek90NUU4bnFVVTE4czFEZDNQMU9TWWR1VTEweVFPT2gKTXJSejM0R3kyT2sySVNSRHQ2T0tMNjlzQ3F2eGlTazVzcGIvUit2dmhKYVdDWk1Fb05CNWNoeU1nc1VkN0w5YQpmTmtSRkxQN0syZVYxZ08wWG9mUW13U2lLUlpiM2xMWTQ5RWZabC8rRzR4Kys2RlJMVUVtYjNnZTg0TjJDV3g4Cm5FaWtVMVB5dWNJU0RTZEQ1NS9TZk01bnBPQVBhUUtzdDY4TWxWV0dXeEJGdElZY2YvbUozcTRGYkpYdmtycHkKNTUyL0R1YVNBVUgySzlaUmlVUDJuQklkVWJpYTNNdHZsZTNDUUFhTEh3SURBUUFCbzBJd1FEQU9CZ05WSFE4QgpBZjhFQkFNQ0FxUXdEd1lEVlIwVEFRSC9CQVV3QXdFQi96QWRCZ05WSFE0RUZnUVVEUDFSMGRkRWdoOVlkejlnCmw4TW1yYnpKNFhjd0RRWUpLb1pJaHZjTkFRRUxCUUFEZ2dJQkFCVFJwUVQ0SkVjVzJrSmtIeDZJRC9LR0hXTDcKNDE1YUI5Mmo4bUc1Zm5xR0psOVR6QXlsemEvTkxncFZRWUZiakd1TVlwWUJad1pTeUZ5Q1EwZ2FDbm1QRUFqNgp2RWdQL2RNKzhNWDkxcWVieWdUWEthKytiVzcwc1dJME1uL1llTUNpd0dGcThZeVpnZUhTVzdWZGkzc05kN2tMClQ2aFBuMGNLeVZ3bkxrUTVIMWpNenRORlN4UXdySXdjY2JqQzQ2djJSUDVZTVB4bytjN3lIVlBpMWJnWDdrMS8KTkMzTFd3VktrZU5TMUN6Y0FhME9ZS1liaFFxZytjQ3N5WUlKdm5OaG02MC9HNjVhWDZRbjkzQWQwOTRTNEVUcgpvdW1WNkxJek1PdUw3VnIrV1RlVlJiOTk2RGRzNmlxV1ZnTC9GcGRTQk5tSEtNTCt3UVhma2pLeUg2Y2ZjVWVCCitLSnBBRjhRMk8rc3VNRXlyTm02UUJJSWdjUklzcUZIWldwaGgrUUdYaW1NUm84alZmUnk4aEdKSXp1RHlaVTcKZVhKZzk3Z3FxTFZVY0V1ME9oc21OazNwNzRTL0NEMkI5UnlZZnJWSUp4TXdMMTBaa1Q4cXQrNlQ3Tzdjb3V5Twp3T1MwWHdlTy9qYnV2M1FGSVZJbUc3ZDRMMDVNZjZyOFlxUGpiZ2s2QjVCTDNlREIzUmRaNk9XQVJ4ZnRtRzZKCnlOY1I4Y0lCcjYwT2tXRUZiQzFJMGsyUHZTbGRmaTJ1WVdnTXBHM1FZYVlGOHpQdjdJTm54b05seEdhWXBqUU0KWW1yVmlSUWsybk0vVm44STJBZytmQXRmSUt3VVhObFk0TlFjUVRhaS9nQkxzZmhGVEg2Wnl6MmFwMFJmdGRNMwpBRHp6VWw2MnhoSUIrUC8xCi0tLS0tRU5EIENFUlRJRklDQVRFLS0tLS0K",
                "host": "https://clusteraksdeveastus001-edb3cc50.hcp.eastus.azmk8s.io:443",
                "password": "5ab17d9a14295d0a7d54f6f2c4a31e8076a481b8f6943be761a390be6ce6fa036f752d217697b36419613521c83317c0f57fd11e985931fe5712cef250d0de59",
                "username": "clusterUser_rg-aks-dev-eastus-001_cluster-aks-dev-eastus-001"
              }
            ],
            "kube_config_raw": "apiVersion: v1\nclusters:\n- cluster:\n    certificate-authority-data: LS0tLS1CRUdJTiBDRVJUSUZJQ0FURS0tLS0tCk1JSUU2RENDQXRDZ0F3SUJBZ0lRT1Y0UmpnemVLVWNUOXBNdVo5dGN3akFOQmdrcWhraUc5dzBCQVFzRkFEQU4KTVFzd0NRWURWUVFERXdKallUQWdGdzB5TWpBMU1Ua3hOakl3TkRSYUdBOHlNRFV5TURVeE9URTJNekEwTkZvdwpEVEVMTUFrR0ExVUVBeE1DWTJFd2dnSWlNQTBHQ1NxR1NJYjNEUUVCQVFVQUE0SUNEd0F3Z2dJS0FvSUNBUURDClFzdkIwQVFlNUZScEFDd3doR0lETG1ieWVuZlo5Rm9SL1VxS21KNUFqVU5MYUlybE9HRUVpUndLVGZOdk5rRWYKUmNDRVNDYUlIZFNTKzFva0FMRTNTQ3VMSGloSkcxaDJ2aWZhY3d6cXFxQnB3V2lFTHZXYy9QWXN4d0lqalhPeQpnTjZrUE9qTTVta2U3dm9nSlRVMm9xTS8vNkxwV2RDei82c0pjcG5JYTlGbEZVVmFRMU5RQTRhelJPc2lkcmp2ClQzdktuUnRBTE5kNUtrTDRFR0hqZkJZQkxjR2ZSL3BydXh0QlBsVmFrenVrNWdtbGNNeWtYL2Y4dHNTeFJjeW8KQUlXK29Oa2dKKzBRZ0p4ajZleFdrYXdwQXZyLzg1THRrMWFxTEYxdENUTlNUbXJsN0hyYlVYZ2FTRXMwRCtHZAovZkFUOEtVeVc5dTRsT0NZWDRHRzAwbXJxMDlFcUVsVFkxSFprZk9tdXFvM3lUYXFSKzZKVlA4dmpLaFU0UlVCClhKTW1Bb2srTVE0VmIvakhPcm5lbE4vVUZtcUI5TVFWek90NUU4bnFVVTE4czFEZDNQMU9TWWR1VTEweVFPT2gKTXJSejM0R3kyT2sySVNSRHQ2T0tMNjlzQ3F2eGlTazVzcGIvUit2dmhKYVdDWk1Fb05CNWNoeU1nc1VkN0w5YQpmTmtSRkxQN0syZVYxZ08wWG9mUW13U2lLUlpiM2xMWTQ5RWZabC8rRzR4Kys2RlJMVUVtYjNnZTg0TjJDV3g4Cm5FaWtVMVB5dWNJU0RTZEQ1NS9TZk01bnBPQVBhUUtzdDY4TWxWV0dXeEJGdElZY2YvbUozcTRGYkpYdmtycHkKNTUyL0R1YVNBVUgySzlaUmlVUDJuQklkVWJpYTNNdHZsZTNDUUFhTEh3SURBUUFCbzBJd1FEQU9CZ05WSFE4QgpBZjhFQkFNQ0FxUXdEd1lEVlIwVEFRSC9CQVV3QXdFQi96QWRCZ05WSFE0RUZnUVVEUDFSMGRkRWdoOVlkejlnCmw4TW1yYnpKNFhjd0RRWUpLb1pJaHZjTkFRRUxCUUFEZ2dJQkFCVFJwUVQ0SkVjVzJrSmtIeDZJRC9LR0hXTDcKNDE1YUI5Mmo4bUc1Zm5xR0psOVR6QXlsemEvTkxncFZRWUZiakd1TVlwWUJad1pTeUZ5Q1EwZ2FDbm1QRUFqNgp2RWdQL2RNKzhNWDkxcWVieWdUWEthKytiVzcwc1dJME1uL1llTUNpd0dGcThZeVpnZUhTVzdWZGkzc05kN2tMClQ2aFBuMGNLeVZ3bkxrUTVIMWpNenRORlN4UXdySXdjY2JqQzQ2djJSUDVZTVB4bytjN3lIVlBpMWJnWDdrMS8KTkMzTFd3VktrZU5TMUN6Y0FhME9ZS1liaFFxZytjQ3N5WUlKdm5OaG02MC9HNjVhWDZRbjkzQWQwOTRTNEVUcgpvdW1WNkxJek1PdUw3VnIrV1RlVlJiOTk2RGRzNmlxV1ZnTC9GcGRTQk5tSEtNTCt3UVhma2pLeUg2Y2ZjVWVCCitLSnBBRjhRMk8rc3VNRXlyTm02UUJJSWdjUklzcUZIWldwaGgrUUdYaW1NUm84alZmUnk4aEdKSXp1RHlaVTcKZVhKZzk3Z3FxTFZVY0V1ME9oc21OazNwNzRTL0NEMkI5UnlZZnJWSUp4TXdMMTBaa1Q4cXQrNlQ3Tzdjb3V5Twp3T1MwWHdlTy9qYnV2M1FGSVZJbUc3ZDRMMDVNZjZyOFlxUGpiZ2s2QjVCTDNlREIzUmRaNk9XQVJ4ZnRtRzZKCnlOY1I4Y0lCcjYwT2tXRUZiQzFJMGsyUHZTbGRmaTJ1WVdnTXBHM1FZYVlGOHpQdjdJTm54b05seEdhWXBqUU0KWW1yVmlSUWsybk0vVm44STJBZytmQXRmSUt3VVhObFk0TlFjUVRhaS9nQkxzZmhGVEg2Wnl6MmFwMFJmdGRNMwpBRHp6VWw2MnhoSUIrUC8xCi0tLS0tRU5EIENFUlRJRklDQVRFLS0tLS0K\n    server: https://clusteraksdeveastus001-edb3cc50.hcp.eastus.azmk8s.io:443\n  name: cluster-aks-dev-eastus-001\ncontexts:\n- context:\n    cluster: cluster-aks-dev-eastus-001\n    user: clusterUser_rg-aks-dev-eastus-001_cluster-aks-dev-eastus-001\n  name: cluster-aks-dev-eastus-001\ncurrent-context: cluster-aks-dev-eastus-001\nkind: Config\npreferences: {}\nusers:\n- name: clusterUser_rg-aks-dev-eastus-001_cluster-aks-dev-eastus-001\n  user:\n    client-certificate-data: LS0tLS1CRUdJTiBDRVJUSUZJQ0FURS0tLS0tCk1JSUZIVENDQXdXZ0F3SUJBZ0lRRUNUUVIzQldveG5hV2hFdkFNUit1akFOQmdrcWhraUc5dzBCQVFzRkFEQU4KTVFzd0NRWURWUVFERXdKallUQWVGdzB5TWpBMU1Ua3hOakl3TkRSYUZ3MHlOREExTVRreE5qTXdORFJhTURBeApGekFWQmdOVkJBb1REbk41YzNSbGJUcHRZWE4wWlhKek1SVXdFd1lEVlFRREV3eHRZWE4wWlhKamJHbGxiblF3CmdnSWlNQTBHQ1NxR1NJYjNEUUVCQVFVQUE0SUNEd0F3Z2dJS0FvSUNBUURBekMxKzZlT016eUtiUGlTbndMUksKMjUxQ2hRa2h3TGwzdDAzWnZxY3hUOTd3Q1lYUDhQdmozRHdIRFhYZmYyQUt0aSt0SHgxVG5oOXlUUzNrdjFDQgovSktNMldKbnBhaTlqM2IrTzVFQ1BlQjhMYzVTV1h1R2VuekpOUFJWSUZCeDlSS2dVS1gveldMaDA4cVpxY2F6CmtaTHFRVGNRUldaaEtSUTJTV2xXN2xLYUdXTDdJR3NaRnRWMDhNUURWM1Q5SHFXa2Q3N1l0NGxEcTdVSWdTbCsKTGJRU2lJWENuQVpDUTZRdSt6ZXBLODRzVHRRRE4yVzZLaEtWUjFMd3ZJNmEzSDdNMUlOY0MrYjBObWJRbm5CYwo0ZWU3Q1lMWk8yWHhNbmFWcGdqMGdLZzV3VlVyZE5LWFErL1RHaFNKSHo2RGs2TXJraGJLYmhwblU3bCtyTGlpCmhldzRrZUFmRzFVRmtZUmlGRmxxb1FlYUpmRjZEc3lXSXhncmZZZVFLYzBocHh3KzRNU3FuNUR0d0h3Q0s5L2IKT1lVZXgwa2V3MktMSW1OWmJ4OXMycFpqMUp3a0JaS0grOXhKbG1tVkhyYWNrZi9rdi90WCtOaUVTbXJRKzNuOAppMmJxcTRrNWQ4V1AyZFFCdFpvTEtKaVl2TU1qY2haNXlMQkVKQmQ3M0FDdk13SU9ReUR3UDFNVEpWSG9WR2ZXCjkrb3FsckplWmNCeXBSeTZ3OGhtNUlMM0tpQVhjQ01SbTlCWXNOZHN6cytTcHBueVRUcDl3Mk1KcEp1Q1lmVjUKUHB4ZUJ2ZXpHbDQySFl3VFd4Y1ZwQ1NDMVVmdmZTVW56THpXTVdxSTRteDcvWERRU2tXbHNEZWFCNDNnWXlvdgpSN3V3bVVNeno3UUNKNG1iR1N2aGt3SURBUUFCbzFZd1ZEQU9CZ05WSFE4QkFmOEVCQU1DQmFBd0V3WURWUjBsCkJBd3dDZ1lJS3dZQkJRVUhBd0l3REFZRFZSMFRBUUgvQkFJd0FEQWZCZ05WSFNNRUdEQVdnQlFNL1ZIUjEwU0MKSDFoM1AyQ1h3eWF0dk1uaGR6QU5CZ2txaGtpRzl3MEJBUXNGQUFPQ0FnRUFxNEZ6NUZGcHJuOWllSGEvRytregphRmpYcVoxSzlaMU94b0p6clNWQi9wL3JUYVMvbDA4REl4UXJ3WHo4Z2w5SzJVT3pyVDY5dE1Vc3BzSnM3UklBCm03anY2R2RzV0IvcHo1T08rTDB0ZERLT0RGV3Q2T2d1SVVhN243YWlPVTNwRnpoSUI3eFpFMVd6TTI0dTgyTmwKalAzR3FYWHZObmM1RXc0RW1aVUZCWjBIbVA1OXlqOEdiTkFJYTVkQzNMNHpwNTBaMnlrREdzRzBmbUZBSzJsOApHWlhRYjZEM0szekxjS2RBMGdmcllIcU5iZW4vV3gwN1htQTFKY2xFUlAyakpuQXl1YnZmZ1FPWS9hVTZtT2ltCjA0M0dwRjVVY0hCakFlSk9SeGFrQXpucFN4ZzB5dmJpVkp1NjNvYUo2bUV3aVl1WkV3ejBNUFg3amZrNUN6SmwKRkRrcldMaktCRU1iY3BybmRrLzRLVjRVSjZnM0p0V0QvRTk3NTFlbXgyeHFPdnBrbTZ1aFpYb2lQcWxSY29HVwplZlR5K3lLT0s0VGZEVmhYS2dhWThVUnZBKzR0ZUJNMjl5UlFYNnZNLzVQNk1QL3lVbDBNKy9KeWFJaUp0ZnFGCnpzMDRWSStNVXVYRUdSekRxTkczRXRwVUJvUEZoenBVOUxqcGNtUVZpMStXeWs3VlZBNVRGajVGeWVzdzBxQkMKMzUzeHVoMHp3bTU4QjZjTFVGc1dUb0thK0J1Z3JmdjR5SHBSWHgzVzNuN09ycUhpUG9MNXFsblh4ZmVFeE5pWQpvQzFaYVlNV01pb0hXOTQ3TnczaHRJcktyQnlPVXVBVEMzRUd2NlYzaW9lYUFKQVRXbzJMRms5Y0VxTUVYaE5DCml1VkRVVVBjK0U4YW5qL2E1Q2dvaW04PQotLS0tLUVORCBDRVJUSUZJQ0FURS0tLS0tCg==\n    client-key-data: LS0tLS1CRUdJTiBSU0EgUFJJVkFURSBLRVktLS0tLQpNSUlKS2dJQkFBS0NBZ0VBd013dGZ1bmpqTThpbXo0a3A4QzBTdHVkUW9VSkljQzVkN2ROMmI2bk1VL2U4QW1GCnovRDc0OXc4QncxMTMzOWdDcll2clI4ZFU1NGZjazB0NUw5UWdmeVNqTmxpWjZXb3ZZOTIvanVSQWozZ2ZDM08KVWxsN2hucDh5VFQwVlNCUWNmVVNvRkNsLzgxaTRkUEttYW5HczVHUzZrRTNFRVZtWVNrVU5rbHBWdTVTbWhsaQoreUJyR1JiVmRQREVBMWQwL1I2bHBIZSsyTGVKUTZ1MUNJRXBmaTIwRW9pRndwd0dRa09rTHZzM3FTdk9MRTdVCkF6ZGx1aW9TbFVkUzhMeU9tdHgrek5TRFhBdm05RFptMEo1d1hPSG51d21DMlR0bDhUSjJsYVlJOUlDb09jRlYKSzNUU2wwUHYweG9VaVI4K2c1T2pLNUlXeW00YVoxTzVmcXk0b29Yc09KSGdIeHRWQlpHRVloUlphcUVIbWlYeAplZzdNbGlNWUszMkhrQ25OSWFjY1B1REVxcCtRN2NCOEFpdmYyem1GSHNkSkhzTmlpeUpqV1c4ZmJOcVdZOVNjCkpBV1NoL3ZjU1pacGxSNjJuSkgvNUwvN1YvalloRXBxMFB0NS9JdG02cXVKT1hmRmo5blVBYldhQ3lpWW1MekQKSTNJV2VjaXdSQ1FYZTl3QXJ6TUNEa01nOEQ5VEV5VlI2RlJuMXZmcUtwYXlYbVhBY3FVY3VzUEladVNDOXlvZwpGM0FqRVp2UVdMRFhiTTdQa3FhWjhrMDZmY05qQ2FTYmdtSDFlVDZjWGdiM3N4cGVOaDJNRTFzWEZhUWtndFZICjczMGxKOHk4MWpGcWlPSnNlLzF3MEVwRnBiQTNtZ2VONEdNcUwwZTdzSmxETTgrMEFpZUpteGtyNFpNQ0F3RUEKQVFLQ0FnRUFpcXlSOE42RXFNeDRaTmQvQUJadzJBTTlDeEtycmRaMDBQSk5FZGk3WTVIQ2xqOFRPNjFuVU04aApjaVV4YW8rdzRpT0hDV3YrNlIwc0cwZitRYkdHVStqNjlFcU1LR2NVaHp5QTUzNnEzOFRvQ2duY2hJa09lM3p3CjhyeWZIZmUvUlNoMHZGRW1CV2VTdjBKYVVNcTRQSUx4L0lMcCswOGZ3N1VMYjd6QUF5SXEwZUordW9qbjM4VDMKeGtSRGlPL0lHeVNIR2xSek5taFZXQkpTaFlwNThPTW95Y2ZmQmtxNWljSWpmeE45UnJaV2RySkFkd3ZLcE93TQpMOGw4aytIY1pQRkNWMHhvSzdYMzZpS1RNMjB5L3V3U2hRcmpUaU1XUVRYOTY4ZmdXeFdMYXZkdnJuRTU1RW1lClgrWTdiU0hIRWxjSUg1ZlZ3c2NOUU5NTThsdUQ5VXJZZVM0eFFpK0hkbUJtUTVPRk9jZjk1dVdERldxMFZKTzMKQTc0K1BDS29UczQ4MkcyYWZMVG4xcG5xK05JVTEzc2diVHJKOW9RZld4YityRVM4czlkWUdQWnlmMjJWVTd0WQpWRG5sckhZTDZ5S0l4SXZSeVlON050bFdKZ2tBWDNSWUFWN1FnMlNJckc4aXJ6cWZsREV4a1ZTZXIxcFVwQUdKCmN3Umt1dk1XQUdhVTkxNit3TXcxYkZGYWplb1dsUnFhcFJjV2Z2c0t6ZjRrRlRaNlI3eGdXL284b01VcEViTTQKVlRUTFI4WDJrbTBkcmRqUlJ6b0c2OVJCUldWWnFnVjZFQ1d2L3ZJelMxRkt4dTlwbTVab0lvMzlYZmw2bDZlOQpHbjBlY3dBRldJbzVsNlVrYms5OWhscDE4ZEVuQTZDT3FlUXR1bHlaVzFxM01KVjZ2c0VDZ2dFQkFPTVovLzk1Ck53aXpaekJUTjdvUFJCYTJqNTM3MTJjNXJuLzVka1pHdmFPM0hYV3RIYjV1RXpYRCtXYlJLVWNBaXVDT2VyQVYKT2E1bEpBd3U3QUN3VkZkTlVITmFKYkVoU211aGUyV2UrdVRGQW4rL21KMUhRUHZlYjZaN01LaWZYMWV4ZDQ5OQpVMGd6Q0ljM1VONFRKVEdkVVdEOG1kMGpmcWc2eXFDMEk1WUtkakR3b28rdjR2enFIUlhPZS83UUpXYllsWk51Cm1wcUtHOGFWb0tDVUFYNHVHWkZSMmtvOG1WemdoNnp5ckQya3NPYzlyQXBRcnprYXZ3dTJCN0tqMDJ5aFhPc1QKb2puQm5KNWN1QU1LaXpsa2FaSm01Nk1BY0t5cnh5N1o1MDQ3bUx3V3cxdFlLRjk3N2pVUFlJMXZVeGpMZFZ4bApSbUhZMUFwbkx3eDBTVE1DZ2dFQkFObFVzekhOaWtqdzBqcE43cWRXTklYMmUrbDMvQXU4QjhWSzNPQUw0RDRQCm56TXdyQmFXS1grTm43RVJFN21iZmR0N0tQOERXODJYcndKNGd1V2JRQUZHRUw0NEJKTWtRMnRsNXBiM1RuRVkKcTI1UnM5Zm1CM1hSWXVEUExsTjF3ZGJmZ3lpTWR5NWNaK3hVSjk4UTNLeUxLZDVYYTBjMnBYQ0MxTTkxT2ZXNQpDQ1Q4V3VlN3paYnNEbnA3eG5Xa1lsMFhwUHNJc0ZPN1IwVytmbW5KRVN1elhUZGFYazh3N1E5RlcvbjYxSjhaCjFvamlVUDFtS09sYzlNZVZnS1Q1R08zNXZFN2o1NjI5bUJDNmZ5dG53V29DQkcyZjl3K2pmVzdCQ1F1ODRyd0QKUkRKS3BPb0tJOEhnMEJycXZsWTZUZnlyZWNkelpvR0FMc3JSVXJZcnhpRUNnZ0VCQU5ZZEpGUmNsM3VYa2JscApMRWc2cm1wdnN4WXpaQklKdXpFakpOVDdTejY0bllqZU1BWGp5QzdQMXl1T0ZrbkFCQy9WaFd6UWhqS2JYeEl4Cmh3YmJPSm1hNWpmcmpVL2tZRUw3MjlpaXZFL0dReVhvb1YzZjJTL2V0d3VTWi8wRFRhUGpTU002K0xOQWtsRFIKNFdlUFMyanN0dFluTW5YaFNrQVlOZ1N2OGtFN0dkWG9lb3ZZTzcxU2lSdVBNeTY2VmhrU0tHdjVRc0JqWis2aQpFZkJ6dXJpWmhEZVRvYWlPVzlYS1I0RFN4M3ZTODRzQmhWdXdXSlFSV0lBVkhrcloxTE05cTlwakIzZEd5SUF5ClVMZGxVSUJLNEpKTWZTWWNleDhCVWVrbFBzUnV3Z0RMd1dJMHl0UERoNEgxUG9YNnFMRGUyb2JEWVVsTlloVncKMVZYN3FTc0NnZ0VCQUxUSWxGZDFWdmJkL01LcldUNnhvdmRjMWk2YnRIbythMmhlb2VWdGU1ZWtmeFdpQTBTMgpuTWFTRktqQ1A5cEIwaXZsQTNFK1pmdGJsaVZFQWY3bGFoU2xLQUJUc05xRmE5L0c0RTNzWXNBSmVYRkhYWWJXCnZwWHZHNFZPVW9ieWlkQW9GWDZCZWhLQ282QWZVUnRwZDJmQVM0Kzh3R3g0dEo0bTlzZXNDQTZ6WUdjRDFNcTMKbW9sVXk2WnZsK0w4WHlaNUtLLzV4bE9na2VVZVZTSENOQnBhRmN5Wnk2R3NYVVk2dUF2MTd6QjUyYy84RXNyMwpWRWpySG1OM3BZK1Y5bnJmSnhtbzAydmZMc09ibjNXSDFZaE5MVW5UcXp6RER2QTJlMFBjVis5MStDQ3Rud2xnCmJlWTFFR2VUcGNrc3J2cmoyV1ZrUlh5c0dFQjJaNHRLVm9FQ2dnRUFCdnRSUFhaUEVjS3RnYklPRDNGZDFUUEMKdXNEcUZPaVNqenhYN09GdjY3eSs5cSsySXdLazBNMXY3b3dGQVBqK2hEQUdKWXczL1FxWGpzWHg5WGZtU2RJdwpGZFRtUk5XWi9CdWlneDJ6S2trMjNISUJ3Qk0vbHM5eitUYkJCcjdVekdvNThzaFVpaEVwNHRodVFsWEJubWVhCmhRV0MxTUswbm9WNkZIcDM5cEgweVptNFhJeGdZeEc4ZDBadjF4NkdOMVBzVFBaNURiT0hFYlpjQ2JhZ0MwWDgKNGljcHhkVHREemp4NkIxY0QwU1dlNVpsYTB0eEMxRnVwbnAvbUVQWUdETTl2WUxCOGVrSk1vL2FrcmR6UDhVZApQNUQwVjArWHF5S2gyVDFObFExdXIzOE4xSERjWE5lUDJ6dTBmVjNjOGRtWVhJVGt1bzJwTHV5R2JXOHFSUT09Ci0tLS0tRU5EIFJTQSBQUklWQVRFIEtFWS0tLS0tCg==\n    token: 5ab17d9a14295d0a7d54f6f2c4a31e8076a481b8f6943be761a390be6ce6fa036f752d217697b36419613521c83317c0f57fd11e985931fe5712cef250d0de59\n",
            "kubelet_identity": [
              {
                "client_id": "d2cd50d3-b16c-437d-99d7-1483652946f5",
                "object_id": "d3ca62a5-8670-429a-85f1-bc3e25682973",
                "user_assigned_identity_id": "/subscriptions/3810f594-f91b-404a-b6eb-ebf9b9e4f62c/resourceGroups/rg-n-cluster-aks-dev-eastus-001/providers/Microsoft.ManagedIdentity/userAssignedIdentities/cluster-aks-dev-eastus-001-agentpool"
              }
            ],
            "kubernetes_version": "1.23.3",
            "linux_profile": [],
            "local_account_disabled": false,
            "location": "eastus",
            "maintenance_window": [],
            "name": "cluster-aks-dev-eastus-001",
            "network_profile": [
              {
                "dns_service_ip": "172.25.0.10",
                "docker_bridge_cidr": "172.26.0.1/20",
                "load_balancer_profile": [
                  {
                    "effective_outbound_ips": [
                      "/subscriptions/3810f594-f91b-404a-b6eb-ebf9b9e4f62c/resourceGroups/rg-n-cluster-aks-dev-eastus-001/providers/Microsoft.Network/publicIPAddresses/1b03e63e-0f30-4574-b4c6-478a5135ff06"
                    ],
                    "idle_timeout_in_minutes": 30,
                    "managed_outbound_ip_count": 1,
                    "outbound_ip_address_ids": [],
                    "outbound_ip_prefix_ids": [],
                    "outbound_ports_allocated": 0
                  }
                ],
                "load_balancer_sku": "Standard",
                "network_mode": "",
                "network_plugin": "azure",
                "network_policy": "",
                "outbound_type": "loadBalancer",
                "pod_cidr": "",
                "service_cidr": "172.25.0.0/20"
              }
            ],
            "node_resource_group": "rg-n-cluster-aks-dev-eastus-001",
            "private_cluster_enabled": false,
            "private_cluster_public_fqdn_enabled": false,
            "private_dns_zone_id": "",
            "private_fqdn": "",
            "private_link_enabled": false,
            "resource_group_name": "rg-aks-dev-eastus-001",
            "role_based_access_control": [
              {
                "azure_active_directory": [],
                "enabled": true
              }
            ],
            "service_principal": [],
            "sku_tier": "Free",
            "tags": {},
            "timeouts": null,
            "windows_profile": [
              {
                "admin_password": "",
                "admin_username": "azureuser",
                "license": ""
              }
            ]
          },
          "sensitive_attributes": [],
          "private": "eyJlMmJmYjczMC1lY2FhLTExZTYtOGY4OC0zNDM2M2JjN2M0YzAiOnsiY3JlYXRlIjo1NDAwMDAwMDAwMDAwLCJkZWxldGUiOjU0MDAwMDAwMDAwMDAsInJlYWQiOjMwMDAwMDAwMDAwMCwidXBkYXRlIjo1NDAwMDAwMDAwMDAwfX0=",
          "dependencies": [
            "module.workload.module.acr.azurerm_container_registry.acr",
            "module.workload.module.network.module.network_peering.azurerm_virtual_network_peering.network_peering",
            "module.workload.module.network.module.network_security_group.azurerm_network_security_group.nsg",
            "module.workload.module.network.module.network_security_group_subnet_association.azurerm_subnet_network_security_group_association.nsg_subnet_asctn",
            "module.workload.module.network.module.nsg_rule_config.azurerm_network_security_rule.rule",
            "module.workload.module.network.module.subnet.azurerm_subnet.subnet",
            "module.workload.module.network.module.virtual_network.azurerm_virtual_network.virtual_network",
            "module.workload.module.network.module.vpn_gateway.module.point_to_site.azurerm_point_to_site_vpn_gateway.point_to_site_vpn_conn",
            "module.workload.module.network.module.vpn_gateway.module.point_to_site.azurerm_vpn_server_configuration.settings",
            "module.workload.module.network.module.vpn_gateway.module.site_to_site.azurerm_vpn_site.conn",
            "module.workload.module.network.module.vpn_gateway.module.vpn_gateway.azurerm_virtual_hub.hub",
            "module.workload.module.network.module.vpn_gateway.module.vpn_gateway.azurerm_virtual_wan.wan",
            "module.workload.module.network.module.vpn_gateway.module.vpn_gateway.azurerm_vpn_gateway.gateway",
            "module.workload.module.resource_group.azurerm_resource_group.rg"
          ]
        }
      ]
    },
    {
      "module": "module.workload.module.aks.module.aks",
      "mode": "managed",
      "type": "null_resource",
      "name": "attach_repository",
      "provider": "provider[\"registry.terraform.io/hashicorp/null\"]",
      "instances": [
        {
          "index_key": "repository_name",
          "schema_version": 0,
          "attributes": {
            "id": "2068295739091342006",
            "triggers": {
              "always_run": "change-2022-05-19T17:25:47Z"
            }
          },
          "sensitive_attributes": [],
          "private": "bnVsbA==",
          "dependencies": [
            "module.workload.module.acr.azurerm_container_registry.acr",
            "module.workload.module.aks.module.aks.azurerm_kubernetes_cluster.aks",
            "module.workload.module.network.module.network_peering.azurerm_virtual_network_peering.network_peering",
            "module.workload.module.network.module.network_security_group.azurerm_network_security_group.nsg",
            "module.workload.module.network.module.network_security_group_subnet_association.azurerm_subnet_network_security_group_association.nsg_subnet_asctn",
            "module.workload.module.network.module.nsg_rule_config.azurerm_network_security_rule.rule",
            "module.workload.module.network.module.subnet.azurerm_subnet.subnet",
            "module.workload.module.network.module.virtual_network.azurerm_virtual_network.virtual_network",
            "module.workload.module.network.module.vpn_gateway.module.point_to_site.azurerm_point_to_site_vpn_gateway.point_to_site_vpn_conn",
            "module.workload.module.network.module.vpn_gateway.module.point_to_site.azurerm_vpn_server_configuration.settings",
            "module.workload.module.network.module.vpn_gateway.module.site_to_site.azurerm_vpn_site.conn",
            "module.workload.module.network.module.vpn_gateway.module.vpn_gateway.azurerm_virtual_hub.hub",
            "module.workload.module.network.module.vpn_gateway.module.vpn_gateway.azurerm_virtual_wan.wan",
            "module.workload.module.network.module.vpn_gateway.module.vpn_gateway.azurerm_vpn_gateway.gateway",
            "module.workload.module.resource_group.azurerm_resource_group.rg"
          ]
        }
      ]
    },
    {
      "module": "module.workload.module.aks.module.aks_initialize[\"-\"]",
      "mode": "managed",
      "type": "null_resource",
      "name": "aks_initialize_context",
      "provider": "provider[\"registry.terraform.io/hashicorp/null\"]",
      "instances": [
        {
          "schema_version": 0,
          "attributes": {
            "id": "761267266366461663",
            "triggers": {
              "always_run": "change-2022-05-19T17:27:46Z"
            }
          },
          "sensitive_attributes": [],
          "private": "bnVsbA==",
          "dependencies": [
            "module.workload.module.acr.azurerm_container_registry.acr",
            "module.workload.module.aks.module.aks.azurerm_kubernetes_cluster.aks",
            "module.workload.module.aks.module.aks.azurerm_monitor_diagnostic_setting.aks_log_analytics",
            "module.workload.module.aks.module.aks.null_resource.attach_repository",
            "module.workload.module.aks.module.node_pool.azurerm_kubernetes_cluster_node_pool.aks_node_pool",
            "module.workload.module.network.module.network_peering.azurerm_virtual_network_peering.network_peering",
            "module.workload.module.network.module.network_security_group.azurerm_network_security_group.nsg",
            "module.workload.module.network.module.network_security_group_subnet_association.azurerm_subnet_network_security_group_association.nsg_subnet_asctn",
            "module.workload.module.network.module.nsg_rule_config.azurerm_network_security_rule.rule",
            "module.workload.module.network.module.subnet.azurerm_subnet.subnet",
            "module.workload.module.network.module.virtual_network.azurerm_virtual_network.virtual_network",
            "module.workload.module.network.module.vpn_gateway.module.point_to_site.azurerm_point_to_site_vpn_gateway.point_to_site_vpn_conn",
            "module.workload.module.network.module.vpn_gateway.module.point_to_site.azurerm_vpn_server_configuration.settings",
            "module.workload.module.network.module.vpn_gateway.module.site_to_site.azurerm_vpn_site.conn",
            "module.workload.module.network.module.vpn_gateway.module.vpn_gateway.azurerm_virtual_hub.hub",
            "module.workload.module.network.module.vpn_gateway.module.vpn_gateway.azurerm_virtual_wan.wan",
            "module.workload.module.network.module.vpn_gateway.module.vpn_gateway.azurerm_vpn_gateway.gateway",
            "module.workload.module.resource_group.azurerm_resource_group.rg"
          ]
        }
      ]
    },
    {
      "module": "module.workload.module.aks.module.aks_namespace[\"frontend\"].module.aks_namespace",
      "mode": "managed",
      "type": "local_file",
      "name": "initialize_definition_file",
      "provider": "provider[\"registry.terraform.io/hashicorp/local\"]",
      "instances": [
        {
          "schema_version": 0,
          "attributes": {
            "content": "apiVersion: v1\nkind: Namespace\nmetadata:\n    name: frontend\n",
            "content_base64": null,
            "directory_permission": "0777",
            "file_permission": "0777",
            "filename": "rg-aks-dev-eastus-001_cluster-aks-dev-eastus-001_namespace_frontend.yml",
            "id": "1d6dcf6609d918e205a62a3737db2385c9c81e99",
            "sensitive_content": null,
            "source": null
          },
          "sensitive_attributes": [],
          "private": "bnVsbA==",
          "dependencies": [
            "module.workload.module.acr.azurerm_container_registry.acr",
            "module.workload.module.aks.module.aks.azurerm_kubernetes_cluster.aks",
            "module.workload.module.aks.module.aks.azurerm_monitor_diagnostic_setting.aks_log_analytics",
            "module.workload.module.aks.module.aks.null_resource.attach_repository",
            "module.workload.module.aks.module.aks_initialize.null_resource.aks_initialize_context",
            "module.workload.module.aks.module.node_pool.azurerm_kubernetes_cluster_node_pool.aks_node_pool",
            "module.workload.module.network.module.network_peering.azurerm_virtual_network_peering.network_peering",
            "module.workload.module.network.module.network_security_group.azurerm_network_security_group.nsg",
            "module.workload.module.network.module.network_security_group_subnet_association.azurerm_subnet_network_security_group_association.nsg_subnet_asctn",
            "module.workload.module.network.module.nsg_rule_config.azurerm_network_security_rule.rule",
            "module.workload.module.network.module.subnet.azurerm_subnet.subnet",
            "module.workload.module.network.module.virtual_network.azurerm_virtual_network.virtual_network",
            "module.workload.module.network.module.vpn_gateway.module.point_to_site.azurerm_point_to_site_vpn_gateway.point_to_site_vpn_conn",
            "module.workload.module.network.module.vpn_gateway.module.point_to_site.azurerm_vpn_server_configuration.settings",
            "module.workload.module.network.module.vpn_gateway.module.site_to_site.azurerm_vpn_site.conn",
            "module.workload.module.network.module.vpn_gateway.module.vpn_gateway.azurerm_virtual_hub.hub",
            "module.workload.module.network.module.vpn_gateway.module.vpn_gateway.azurerm_virtual_wan.wan",
            "module.workload.module.network.module.vpn_gateway.module.vpn_gateway.azurerm_vpn_gateway.gateway",
            "module.workload.module.resource_group.azurerm_resource_group.rg"
          ]
        }
      ]
    },
    {
      "module": "module.workload.module.aks.module.aks_namespace[\"frontend\"].module.aks_namespace",
      "mode": "managed",
      "type": "null_resource",
      "name": "cleanup_resource",
      "provider": "provider[\"registry.terraform.io/hashicorp/null\"]",
      "instances": [
        {
          "index_key": "cleanup",
          "schema_version": 0,
          "attributes": {
            "id": "2357270122469903007",
            "triggers": {
              "always_run": "change-2022-05-19T17:27:50Z"
            }
          },
          "sensitive_attributes": [],
          "private": "bnVsbA==",
          "dependencies": [
            "module.workload.module.acr.azurerm_container_registry.acr",
            "module.workload.module.aks.module.aks.azurerm_kubernetes_cluster.aks",
            "module.workload.module.aks.module.aks.azurerm_monitor_diagnostic_setting.aks_log_analytics",
            "module.workload.module.aks.module.aks.null_resource.attach_repository",
            "module.workload.module.aks.module.aks_initialize.null_resource.aks_initialize_context",
            "module.workload.module.aks.module.aks_namespace.module.aks_namespace.local_file.initialize_definition_file",
            "module.workload.module.aks.module.aks_namespace.module.aks_namespace.null_resource.deploy_resource",
            "module.workload.module.aks.module.node_pool.azurerm_kubernetes_cluster_node_pool.aks_node_pool",
            "module.workload.module.network.module.network_peering.azurerm_virtual_network_peering.network_peering",
            "module.workload.module.network.module.network_security_group.azurerm_network_security_group.nsg",
            "module.workload.module.network.module.network_security_group_subnet_association.azurerm_subnet_network_security_group_association.nsg_subnet_asctn",
            "module.workload.module.network.module.nsg_rule_config.azurerm_network_security_rule.rule",
            "module.workload.module.network.module.subnet.azurerm_subnet.subnet",
            "module.workload.module.network.module.virtual_network.azurerm_virtual_network.virtual_network",
            "module.workload.module.network.module.vpn_gateway.module.point_to_site.azurerm_point_to_site_vpn_gateway.point_to_site_vpn_conn",
            "module.workload.module.network.module.vpn_gateway.module.point_to_site.azurerm_vpn_server_configuration.settings",
            "module.workload.module.network.module.vpn_gateway.module.site_to_site.azurerm_vpn_site.conn",
            "module.workload.module.network.module.vpn_gateway.module.vpn_gateway.azurerm_virtual_hub.hub",
            "module.workload.module.network.module.vpn_gateway.module.vpn_gateway.azurerm_virtual_wan.wan",
            "module.workload.module.network.module.vpn_gateway.module.vpn_gateway.azurerm_vpn_gateway.gateway",
            "module.workload.module.resource_group.azurerm_resource_group.rg"
          ]
        }
      ]
    },
    {
      "module": "module.workload.module.aks.module.aks_namespace[\"frontend\"].module.aks_namespace",
      "mode": "managed",
      "type": "null_resource",
      "name": "deploy_resource",
      "provider": "provider[\"registry.terraform.io/hashicorp/null\"]",
      "instances": [
        {
          "schema_version": 0,
          "attributes": {
            "id": "8981782198851096231",
            "triggers": {
              "always_run": "change-2022-05-19T17:27:48Z"
            }
          },
          "sensitive_attributes": [],
          "private": "bnVsbA==",
          "dependencies": [
            "module.workload.module.acr.azurerm_container_registry.acr",
            "module.workload.module.aks.module.aks.azurerm_kubernetes_cluster.aks",
            "module.workload.module.aks.module.aks.azurerm_monitor_diagnostic_setting.aks_log_analytics",
            "module.workload.module.aks.module.aks.null_resource.attach_repository",
            "module.workload.module.aks.module.aks_initialize.null_resource.aks_initialize_context",
            "module.workload.module.aks.module.aks_namespace.module.aks_namespace.local_file.initialize_definition_file",
            "module.workload.module.aks.module.node_pool.azurerm_kubernetes_cluster_node_pool.aks_node_pool",
            "module.workload.module.network.module.network_peering.azurerm_virtual_network_peering.network_peering",
            "module.workload.module.network.module.network_security_group.azurerm_network_security_group.nsg",
            "module.workload.module.network.module.network_security_group_subnet_association.azurerm_subnet_network_security_group_association.nsg_subnet_asctn",
            "module.workload.module.network.module.nsg_rule_config.azurerm_network_security_rule.rule",
            "module.workload.module.network.module.subnet.azurerm_subnet.subnet",
            "module.workload.module.network.module.virtual_network.azurerm_virtual_network.virtual_network",
            "module.workload.module.network.module.vpn_gateway.module.point_to_site.azurerm_point_to_site_vpn_gateway.point_to_site_vpn_conn",
            "module.workload.module.network.module.vpn_gateway.module.point_to_site.azurerm_vpn_server_configuration.settings",
            "module.workload.module.network.module.vpn_gateway.module.site_to_site.azurerm_vpn_site.conn",
            "module.workload.module.network.module.vpn_gateway.module.vpn_gateway.azurerm_virtual_hub.hub",
            "module.workload.module.network.module.vpn_gateway.module.vpn_gateway.azurerm_virtual_wan.wan",
            "module.workload.module.network.module.vpn_gateway.module.vpn_gateway.azurerm_vpn_gateway.gateway",
            "module.workload.module.resource_group.azurerm_resource_group.rg"
          ]
        }
      ]
    },
    {
      "module": "module.workload.module.aks.module.aks_namespace[\"workload\"].module.aks_namespace",
      "mode": "managed",
      "type": "local_file",
      "name": "initialize_definition_file",
      "provider": "provider[\"registry.terraform.io/hashicorp/local\"]",
      "instances": [
        {
          "schema_version": 0,
          "attributes": {
            "content": "apiVersion: v1\nkind: Namespace\nmetadata:\n    name: workload\n",
            "content_base64": null,
            "directory_permission": "0777",
            "file_permission": "0777",
            "filename": "rg-aks-dev-eastus-001_cluster-aks-dev-eastus-001_namespace_workload.yml",
            "id": "082a55eb8943630b87715ed855c4d09534221594",
            "sensitive_content": null,
            "source": null
          },
          "sensitive_attributes": [],
          "private": "bnVsbA==",
          "dependencies": [
            "module.workload.module.acr.azurerm_container_registry.acr",
            "module.workload.module.aks.module.aks.azurerm_kubernetes_cluster.aks",
            "module.workload.module.aks.module.aks.azurerm_monitor_diagnostic_setting.aks_log_analytics",
            "module.workload.module.aks.module.aks.null_resource.attach_repository",
            "module.workload.module.aks.module.aks_initialize.null_resource.aks_initialize_context",
            "module.workload.module.aks.module.node_pool.azurerm_kubernetes_cluster_node_pool.aks_node_pool",
            "module.workload.module.network.module.network_peering.azurerm_virtual_network_peering.network_peering",
            "module.workload.module.network.module.network_security_group.azurerm_network_security_group.nsg",
            "module.workload.module.network.module.network_security_group_subnet_association.azurerm_subnet_network_security_group_association.nsg_subnet_asctn",
            "module.workload.module.network.module.nsg_rule_config.azurerm_network_security_rule.rule",
            "module.workload.module.network.module.subnet.azurerm_subnet.subnet",
            "module.workload.module.network.module.virtual_network.azurerm_virtual_network.virtual_network",
            "module.workload.module.network.module.vpn_gateway.module.point_to_site.azurerm_point_to_site_vpn_gateway.point_to_site_vpn_conn",
            "module.workload.module.network.module.vpn_gateway.module.point_to_site.azurerm_vpn_server_configuration.settings",
            "module.workload.module.network.module.vpn_gateway.module.site_to_site.azurerm_vpn_site.conn",
            "module.workload.module.network.module.vpn_gateway.module.vpn_gateway.azurerm_virtual_hub.hub",
            "module.workload.module.network.module.vpn_gateway.module.vpn_gateway.azurerm_virtual_wan.wan",
            "module.workload.module.network.module.vpn_gateway.module.vpn_gateway.azurerm_vpn_gateway.gateway",
            "module.workload.module.resource_group.azurerm_resource_group.rg"
          ]
        }
      ]
    },
    {
      "module": "module.workload.module.aks.module.aks_namespace[\"workload\"].module.aks_namespace",
      "mode": "managed",
      "type": "null_resource",
      "name": "cleanup_resource",
      "provider": "provider[\"registry.terraform.io/hashicorp/null\"]",
      "instances": [
        {
          "index_key": "cleanup",
          "schema_version": 0,
          "attributes": {
            "id": "340957157888883504",
            "triggers": {
              "always_run": "change-2022-05-19T17:27:50Z"
            }
          },
          "sensitive_attributes": [],
          "private": "bnVsbA==",
          "dependencies": [
            "module.workload.module.acr.azurerm_container_registry.acr",
            "module.workload.module.aks.module.aks.azurerm_kubernetes_cluster.aks",
            "module.workload.module.aks.module.aks.azurerm_monitor_diagnostic_setting.aks_log_analytics",
            "module.workload.module.aks.module.aks.null_resource.attach_repository",
            "module.workload.module.aks.module.aks_initialize.null_resource.aks_initialize_context",
            "module.workload.module.aks.module.aks_namespace.module.aks_namespace.local_file.initialize_definition_file",
            "module.workload.module.aks.module.aks_namespace.module.aks_namespace.null_resource.deploy_resource",
            "module.workload.module.aks.module.node_pool.azurerm_kubernetes_cluster_node_pool.aks_node_pool",
            "module.workload.module.network.module.network_peering.azurerm_virtual_network_peering.network_peering",
            "module.workload.module.network.module.network_security_group.azurerm_network_security_group.nsg",
            "module.workload.module.network.module.network_security_group_subnet_association.azurerm_subnet_network_security_group_association.nsg_subnet_asctn",
            "module.workload.module.network.module.nsg_rule_config.azurerm_network_security_rule.rule",
            "module.workload.module.network.module.subnet.azurerm_subnet.subnet",
            "module.workload.module.network.module.virtual_network.azurerm_virtual_network.virtual_network",
            "module.workload.module.network.module.vpn_gateway.module.point_to_site.azurerm_point_to_site_vpn_gateway.point_to_site_vpn_conn",
            "module.workload.module.network.module.vpn_gateway.module.point_to_site.azurerm_vpn_server_configuration.settings",
            "module.workload.module.network.module.vpn_gateway.module.site_to_site.azurerm_vpn_site.conn",
            "module.workload.module.network.module.vpn_gateway.module.vpn_gateway.azurerm_virtual_hub.hub",
            "module.workload.module.network.module.vpn_gateway.module.vpn_gateway.azurerm_virtual_wan.wan",
            "module.workload.module.network.module.vpn_gateway.module.vpn_gateway.azurerm_vpn_gateway.gateway",
            "module.workload.module.resource_group.azurerm_resource_group.rg"
          ]
        }
      ]
    },
    {
      "module": "module.workload.module.aks.module.aks_namespace[\"workload\"].module.aks_namespace",
      "mode": "managed",
      "type": "null_resource",
      "name": "deploy_resource",
      "provider": "provider[\"registry.terraform.io/hashicorp/null\"]",
      "instances": [
        {
          "schema_version": 0,
          "attributes": {
            "id": "8426778691288721239",
            "triggers": {
              "always_run": "change-2022-05-19T17:27:48Z"
            }
          },
          "sensitive_attributes": [],
          "private": "bnVsbA==",
          "dependencies": [
            "module.workload.module.acr.azurerm_container_registry.acr",
            "module.workload.module.aks.module.aks.azurerm_kubernetes_cluster.aks",
            "module.workload.module.aks.module.aks.azurerm_monitor_diagnostic_setting.aks_log_analytics",
            "module.workload.module.aks.module.aks.null_resource.attach_repository",
            "module.workload.module.aks.module.aks_initialize.null_resource.aks_initialize_context",
            "module.workload.module.aks.module.aks_namespace.module.aks_namespace.local_file.initialize_definition_file",
            "module.workload.module.aks.module.node_pool.azurerm_kubernetes_cluster_node_pool.aks_node_pool",
            "module.workload.module.network.module.network_peering.azurerm_virtual_network_peering.network_peering",
            "module.workload.module.network.module.network_security_group.azurerm_network_security_group.nsg",
            "module.workload.module.network.module.network_security_group_subnet_association.azurerm_subnet_network_security_group_association.nsg_subnet_asctn",
            "module.workload.module.network.module.nsg_rule_config.azurerm_network_security_rule.rule",
            "module.workload.module.network.module.subnet.azurerm_subnet.subnet",
            "module.workload.module.network.module.virtual_network.azurerm_virtual_network.virtual_network",
            "module.workload.module.network.module.vpn_gateway.module.point_to_site.azurerm_point_to_site_vpn_gateway.point_to_site_vpn_conn",
            "module.workload.module.network.module.vpn_gateway.module.point_to_site.azurerm_vpn_server_configuration.settings",
            "module.workload.module.network.module.vpn_gateway.module.site_to_site.azurerm_vpn_site.conn",
            "module.workload.module.network.module.vpn_gateway.module.vpn_gateway.azurerm_virtual_hub.hub",
            "module.workload.module.network.module.vpn_gateway.module.vpn_gateway.azurerm_virtual_wan.wan",
            "module.workload.module.network.module.vpn_gateway.module.vpn_gateway.azurerm_vpn_gateway.gateway",
            "module.workload.module.resource_group.azurerm_resource_group.rg"
          ]
        }
      ]
    },
    {
      "module": "module.workload.module.aks.module.node_pool[\"workernp\"]",
      "mode": "managed",
      "type": "azurerm_kubernetes_cluster_node_pool",
      "name": "aks_node_pool",
      "provider": "provider[\"registry.terraform.io/hashicorp/azurerm\"]",
      "instances": [
        {
          "schema_version": 0,
          "attributes": {
            "availability_zones": [
              "1"
            ],
            "enable_auto_scaling": false,
            "enable_host_encryption": false,
            "enable_node_public_ip": false,
            "eviction_policy": "",
            "fips_enabled": false,
            "id": "/subscriptions/3810f594-f91b-404a-b6eb-ebf9b9e4f62c/resourcegroups/rg-aks-dev-eastus-001/providers/Microsoft.ContainerService/managedClusters/cluster-aks-dev-eastus-001/agentPools/workernp",
            "kubelet_config": [],
            "kubelet_disk_type": "OS",
            "kubernetes_cluster_id": "/subscriptions/3810f594-f91b-404a-b6eb-ebf9b9e4f62c/resourcegroups/rg-aks-dev-eastus-001/providers/Microsoft.ContainerService/managedClusters/cluster-aks-dev-eastus-001",
            "linux_os_config": [],
            "max_count": 0,
            "max_pods": 110,
            "min_count": 0,
            "mode": "User",
            "name": "workernp",
            "node_count": 1,
            "node_labels": {},
            "node_public_ip_prefix_id": "",
            "node_taints": [],
            "orchestrator_version": "1.23.3",
            "os_disk_size_gb": 1024,
            "os_disk_type": "Managed",
            "os_sku": "Ubuntu",
            "os_type": "Linux",
            "pod_subnet_id": "",
            "priority": "Regular",
            "proximity_placement_group_id": "",
            "spot_max_price": -1,
            "tags": {},
            "timeouts": null,
            "ultra_ssd_enabled": false,
            "upgrade_settings": [],
            "vm_size": "Standard_D2_v2",
            "vnet_subnet_id": "/subscriptions/3810f594-f91b-404a-b6eb-ebf9b9e4f62c/resourceGroups/rg-aks-dev-eastus-001/providers/Microsoft.Network/virtualNetworks/vnet-aks-dev-eastus-001/subnets/snet-aks-dev-eastus-001"
          },
          "sensitive_attributes": [],
          "private": "eyJlMmJmYjczMC1lY2FhLTExZTYtOGY4OC0zNDM2M2JjN2M0YzAiOnsiY3JlYXRlIjozNjAwMDAwMDAwMDAwLCJkZWxldGUiOjM2MDAwMDAwMDAwMDAsInJlYWQiOjMwMDAwMDAwMDAwMCwidXBkYXRlIjozNjAwMDAwMDAwMDAwfX0=",
          "dependencies": [
            "module.workload.module.acr.azurerm_container_registry.acr",
            "module.workload.module.aks.module.aks.azurerm_kubernetes_cluster.aks",
            "module.workload.module.aks.module.aks.azurerm_monitor_diagnostic_setting.aks_log_analytics",
            "module.workload.module.aks.module.aks.null_resource.attach_repository",
            "module.workload.module.network.module.network_peering.azurerm_virtual_network_peering.network_peering",
            "module.workload.module.network.module.network_security_group.azurerm_network_security_group.nsg",
            "module.workload.module.network.module.network_security_group_subnet_association.azurerm_subnet_network_security_group_association.nsg_subnet_asctn",
            "module.workload.module.network.module.nsg_rule_config.azurerm_network_security_rule.rule",
            "module.workload.module.network.module.subnet.azurerm_subnet.subnet",
            "module.workload.module.network.module.virtual_network.azurerm_virtual_network.virtual_network",
            "module.workload.module.network.module.vpn_gateway.module.point_to_site.azurerm_point_to_site_vpn_gateway.point_to_site_vpn_conn",
            "module.workload.module.network.module.vpn_gateway.module.point_to_site.azurerm_vpn_server_configuration.settings",
            "module.workload.module.network.module.vpn_gateway.module.site_to_site.azurerm_vpn_site.conn",
            "module.workload.module.network.module.vpn_gateway.module.vpn_gateway.azurerm_virtual_hub.hub",
            "module.workload.module.network.module.vpn_gateway.module.vpn_gateway.azurerm_virtual_wan.wan",
            "module.workload.module.network.module.vpn_gateway.module.vpn_gateway.azurerm_vpn_gateway.gateway",
            "module.workload.module.resource_group.azurerm_resource_group.rg"
          ]
        }
      ]
    },
    {
      "module": "module.workload.module.azure_bastion[\"bas-host-dev-eastus-001\"]",
      "mode": "managed",
      "type": "azurerm_bastion_host",
      "name": "bastion_service",
      "provider": "provider[\"registry.terraform.io/hashicorp/azurerm\"]",
      "instances": [
        {
          "schema_version": 0,
          "attributes": {
            "dns_name": "bst-ff310ec5-3d5a-4753-b843-d7cd886ddd36.bastion.azure.com",
            "id": "/subscriptions/3810f594-f91b-404a-b6eb-ebf9b9e4f62c/resourceGroups/rg-aks-dev-eastus-001/providers/Microsoft.Network/bastionHosts/bas-host-dev-eastus-001",
            "ip_configuration": [
              {
                "name": "pip-bas-dev-eastus-001",
                "public_ip_address_id": "/subscriptions/3810f594-f91b-404a-b6eb-ebf9b9e4f62c/resourceGroups/rg-aks-dev-eastus-001/providers/Microsoft.Network/publicIPAddresses/pip-bas-dev-eastus-001",
                "subnet_id": "/subscriptions/3810f594-f91b-404a-b6eb-ebf9b9e4f62c/resourceGroups/rg-aks-dev-eastus-001/providers/Microsoft.Network/virtualNetworks/vnet-aks-dev-eastus-001/subnets/AzureBastionSubnet"
              }
            ],
            "location": "eastus",
            "name": "bas-host-dev-eastus-001",
            "resource_group_name": "rg-aks-dev-eastus-001",
            "tags": {},
            "timeouts": null
          },
          "sensitive_attributes": [],
          "private": "eyJlMmJmYjczMC1lY2FhLTExZTYtOGY4OC0zNDM2M2JjN2M0YzAiOnsiY3JlYXRlIjoxODAwMDAwMDAwMDAwLCJkZWxldGUiOjE4MDAwMDAwMDAwMDAsInJlYWQiOjMwMDAwMDAwMDAwMCwidXBkYXRlIjoxODAwMDAwMDAwMDAwfX0=",
          "dependencies": [
            "module.workload.module.azure_public_ip.azurerm_public_ip.pip",
            "module.workload.module.network.module.network_peering.azurerm_virtual_network_peering.network_peering",
            "module.workload.module.network.module.network_security_group.azurerm_network_security_group.nsg",
            "module.workload.module.network.module.network_security_group_subnet_association.azurerm_subnet_network_security_group_association.nsg_subnet_asctn",
            "module.workload.module.network.module.nsg_rule_config.azurerm_network_security_rule.rule",
            "module.workload.module.network.module.subnet.azurerm_subnet.subnet",
            "module.workload.module.network.module.virtual_network.azurerm_virtual_network.virtual_network",
            "module.workload.module.network.module.vpn_gateway.module.point_to_site.azurerm_point_to_site_vpn_gateway.point_to_site_vpn_conn",
            "module.workload.module.network.module.vpn_gateway.module.point_to_site.azurerm_vpn_server_configuration.settings",
            "module.workload.module.network.module.vpn_gateway.module.site_to_site.azurerm_vpn_site.conn",
            "module.workload.module.network.module.vpn_gateway.module.vpn_gateway.azurerm_virtual_hub.hub",
            "module.workload.module.network.module.vpn_gateway.module.vpn_gateway.azurerm_virtual_wan.wan",
            "module.workload.module.network.module.vpn_gateway.module.vpn_gateway.azurerm_vpn_gateway.gateway",
            "module.workload.module.resource_group.azurerm_resource_group.rg"
          ]
        }
      ]
    },
    {
      "module": "module.workload.module.azure_public_ip[\"pip-bas-dev-eastus-001\"]",
      "mode": "managed",
      "type": "azurerm_public_ip",
      "name": "pip",
      "provider": "provider[\"registry.terraform.io/hashicorp/azurerm\"]",
      "instances": [
        {
          "schema_version": 0,
          "attributes": {
            "allocation_method": "Static",
            "availability_zone": "Zone-Redundant",
            "domain_name_label": null,
            "fqdn": null,
            "id": "/subscriptions/3810f594-f91b-404a-b6eb-ebf9b9e4f62c/resourceGroups/rg-aks-dev-eastus-001/providers/Microsoft.Network/publicIPAddresses/pip-bas-dev-eastus-001",
            "idle_timeout_in_minutes": 4,
            "ip_address": "20.85.141.11",
            "ip_tags": {},
            "ip_version": "IPv4",
            "location": "eastus",
            "name": "pip-bas-dev-eastus-001",
            "public_ip_prefix_id": null,
            "resource_group_name": "rg-aks-dev-eastus-001",
            "reverse_fqdn": null,
            "sku": "Standard",
            "sku_tier": "Regional",
            "tags": {},
            "timeouts": null,
            "zones": []
          },
          "sensitive_attributes": [],
          "private": "eyJlMmJmYjczMC1lY2FhLTExZTYtOGY4OC0zNDM2M2JjN2M0YzAiOnsiY3JlYXRlIjoxODAwMDAwMDAwMDAwLCJkZWxldGUiOjE4MDAwMDAwMDAwMDAsInJlYWQiOjMwMDAwMDAwMDAwMCwidXBkYXRlIjoxODAwMDAwMDAwMDAwfX0=",
          "dependencies": [
            "module.workload.module.resource_group.azurerm_resource_group.rg"
          ]
        }
      ]
    },
    {
      "module": "module.workload.module.network.module.subnet[\"AzureBastionSubnet\"]",
      "mode": "managed",
      "type": "azurerm_subnet",
      "name": "subnet",
      "provider": "provider[\"registry.terraform.io/hashicorp/azurerm\"]",
      "instances": [
        {
          "schema_version": 0,
          "attributes": {
            "address_prefix": "172.24.4.0/26",
            "address_prefixes": [
              "172.24.4.0/26"
            ],
            "delegation": [],
            "enforce_private_link_endpoint_network_policies": false,
            "enforce_private_link_service_network_policies": false,
            "id": "/subscriptions/3810f594-f91b-404a-b6eb-ebf9b9e4f62c/resourceGroups/rg-aks-dev-eastus-001/providers/Microsoft.Network/virtualNetworks/vnet-aks-dev-eastus-001/subnets/AzureBastionSubnet",
            "name": "AzureBastionSubnet",
            "resource_group_name": "rg-aks-dev-eastus-001",
            "service_endpoint_policy_ids": [],
            "service_endpoints": [],
            "timeouts": null,
            "virtual_network_name": "vnet-aks-dev-eastus-001"
          },
          "sensitive_attributes": [],
          "private": "eyJlMmJmYjczMC1lY2FhLTExZTYtOGY4OC0zNDM2M2JjN2M0YzAiOnsiY3JlYXRlIjoxODAwMDAwMDAwMDAwLCJkZWxldGUiOjE4MDAwMDAwMDAwMDAsInJlYWQiOjMwMDAwMDAwMDAwMCwidXBkYXRlIjoxODAwMDAwMDAwMDAwfX0=",
          "dependencies": [
            "module.workload.module.network.module.virtual_network.azurerm_virtual_network.virtual_network",
            "module.workload.module.resource_group.azurerm_resource_group.rg"
          ]
        }
      ]
    },
    {
      "module": "module.workload.module.network.module.subnet[\"snet-aks-dev-eastus-001\"]",
      "mode": "managed",
      "type": "azurerm_subnet",
      "name": "subnet",
      "provider": "provider[\"registry.terraform.io/hashicorp/azurerm\"]",
      "instances": [
        {
          "schema_version": 0,
          "attributes": {
            "address_prefix": "172.24.0.0/22",
            "address_prefixes": [
              "172.24.0.0/22"
            ],
            "delegation": [],
            "enforce_private_link_endpoint_network_policies": false,
            "enforce_private_link_service_network_policies": false,
            "id": "/subscriptions/3810f594-f91b-404a-b6eb-ebf9b9e4f62c/resourceGroups/rg-aks-dev-eastus-001/providers/Microsoft.Network/virtualNetworks/vnet-aks-dev-eastus-001/subnets/snet-aks-dev-eastus-001",
            "name": "snet-aks-dev-eastus-001",
            "resource_group_name": "rg-aks-dev-eastus-001",
            "service_endpoint_policy_ids": [],
            "service_endpoints": [],
            "timeouts": null,
            "virtual_network_name": "vnet-aks-dev-eastus-001"
          },
          "sensitive_attributes": [],
          "private": "eyJlMmJmYjczMC1lY2FhLTExZTYtOGY4OC0zNDM2M2JjN2M0YzAiOnsiY3JlYXRlIjoxODAwMDAwMDAwMDAwLCJkZWxldGUiOjE4MDAwMDAwMDAwMDAsInJlYWQiOjMwMDAwMDAwMDAwMCwidXBkYXRlIjoxODAwMDAwMDAwMDAwfX0=",
          "dependencies": [
            "module.workload.module.network.module.virtual_network.azurerm_virtual_network.virtual_network",
            "module.workload.module.resource_group.azurerm_resource_group.rg"
          ]
        }
      ]
    },
    {
      "module": "module.workload.module.network.module.virtual_network",
      "mode": "managed",
      "type": "azurerm_virtual_network",
      "name": "virtual_network",
      "provider": "provider[\"registry.terraform.io/hashicorp/azurerm\"]",
      "instances": [
        {
          "schema_version": 0,
          "attributes": {
            "address_space": [
              "172.24.0.0/20"
            ],
            "bgp_community": "",
            "ddos_protection_plan": [],
            "dns_servers": [],
            "guid": "79ee6bf3-8a54-48a6-a5cd-dd7661cbdff0",
            "id": "/subscriptions/3810f594-f91b-404a-b6eb-ebf9b9e4f62c/resourceGroups/rg-aks-dev-eastus-001/providers/Microsoft.Network/virtualNetworks/vnet-aks-dev-eastus-001",
            "location": "eastus",
            "name": "vnet-aks-dev-eastus-001",
            "resource_group_name": "rg-aks-dev-eastus-001",
            "subnet": [
              {
                "address_prefix": "172.24.0.0/22",
                "id": "/subscriptions/3810f594-f91b-404a-b6eb-ebf9b9e4f62c/resourceGroups/rg-aks-dev-eastus-001/providers/Microsoft.Network/virtualNetworks/vnet-aks-dev-eastus-001/subnets/snet-aks-dev-eastus-001",
                "name": "snet-aks-dev-eastus-001",
                "security_group": ""
              },
              {
                "address_prefix": "172.24.4.0/26",
                "id": "/subscriptions/3810f594-f91b-404a-b6eb-ebf9b9e4f62c/resourceGroups/rg-aks-dev-eastus-001/providers/Microsoft.Network/virtualNetworks/vnet-aks-dev-eastus-001/subnets/AzureBastionSubnet",
                "name": "AzureBastionSubnet",
                "security_group": ""
              }
            ],
            "tags": {},
            "timeouts": null,
            "vm_protection_enabled": false
          },
          "sensitive_attributes": [],
          "private": "eyJlMmJmYjczMC1lY2FhLTExZTYtOGY4OC0zNDM2M2JjN2M0YzAiOnsiY3JlYXRlIjoxODAwMDAwMDAwMDAwLCJkZWxldGUiOjE4MDAwMDAwMDAwMDAsInJlYWQiOjMwMDAwMDAwMDAwMCwidXBkYXRlIjoxODAwMDAwMDAwMDAwfX0=",
          "dependencies": [
            "module.workload.module.resource_group.azurerm_resource_group.rg"
          ]
        }
      ]
    },
    {
      "module": "module.workload.module.resource_group",
      "mode": "managed",
      "type": "azurerm_resource_group",
      "name": "rg",
      "provider": "provider[\"registry.terraform.io/hashicorp/azurerm\"]",
      "instances": [
        {
          "schema_version": 0,
          "attributes": {
            "id": "/subscriptions/3810f594-f91b-404a-b6eb-ebf9b9e4f62c/resourceGroups/rg-aks-dev-eastus-001",
            "location": "eastus",
            "name": "rg-aks-dev-eastus-001",
            "tags": {},
            "timeouts": null
          },
          "sensitive_attributes": [],
          "private": "eyJlMmJmYjczMC1lY2FhLTExZTYtOGY4OC0zNDM2M2JjN2M0YzAiOnsiY3JlYXRlIjo1NDAwMDAwMDAwMDAwLCJkZWxldGUiOjU0MDAwMDAwMDAwMDAsInJlYWQiOjMwMDAwMDAwMDAwMCwidXBkYXRlIjo1NDAwMDAwMDAwMDAwfX0="
        }
      ]
    }
  ]
}
